// !$*UTF8*$!
{
	archiveVersion = 1;
	classes = {
	};
	objectVersion = 77;
	objects = {

/* Begin PBXBuildFile section */
		01AFBE9C2B74E6DDD1ED0CC6 /* DownloadManager.swift in Sources */ = {isa = PBXBuildFile; fileRef = 81242A617782C969C7B9484E /* DownloadManager.swift */; };
		04595000A58713864B3F83E3 /* MangaNotesSheet.swift in Sources */ = {isa = PBXBuildFile; fileRef = D999E7E4F2F439596E2AD99F /* MangaNotesSheet.swift */; };
		050B5878CA4DFA82489C4A74 /* SourceManager.swift in Sources */ = {isa = PBXBuildFile; fileRef = 5E2D189F8CAE82100783C521 /* SourceManager.swift */; };
		065CB493E7E9D7C9F177AE59 /* SettingsAdvancedScreen.swift in Sources */ = {isa = PBXBuildFile; fileRef = 7C61F9422F208B8752D86F9D /* SettingsAdvancedScreen.swift */; };
		06AD45076CD741C16D570BC8 /* MigrationSearchScreen.swift in Sources */ = {isa = PBXBuildFile; fileRef = E89F34760952F9FC0E2FD17F /* MigrationSearchScreen.swift */; };
		09D7091025A6A66AC4D69289 /* MihonUI in Frameworks */ = {isa = PBXBuildFile; productRef = 4137740E51C2923410C69C0A /* MihonUI */; };
		0B1B7615E15FF58784E0F717 /* TrackSheet.swift in Sources */ = {isa = PBXBuildFile; fileRef = 0C16E44CCEE62925A84C7629 /* TrackSheet.swift */; };
		0B67D26E6FC444B1F59E0619 /* MihonDomain in Frameworks */ = {isa = PBXBuildFile; productRef = AEFF2E43A817C2BDAF027B8F /* MihonDomain */; };
		0B852D518D77793705F7B055 /* ExtensionRepoService.swift in Sources */ = {isa = PBXBuildFile; fileRef = ED3BDF93A803918B52390B44 /* ExtensionRepoService.swift */; };

		0E1288C87C153C2E8FB1CCD4 /* AuthenticationServices.framework in Frameworks */ = {isa = PBXBuildFile; fileRef = 5D241FE8178DB146998C348D /* AuthenticationServices.framework */; };
		0EBF7523936BEBB5CFB1269C /* DeleteExtensionRepo.swift in Sources */ = {isa = PBXBuildFile; fileRef = FC61B6DB21866EB0F2589FB6 /* DeleteExtensionRepo.swift */; };
		0F2733F45B3AF38443D2F4D9 /* SettingsBackupScreen.swift in Sources */ = {isa = PBXBuildFile; fileRef = 669F3CC66D28067E8B23EF82 /* SettingsBackupScreen.swift */; };
		0F37E00BDCE92E87EEFF08BE /* MigrationSourcesScreen.swift in Sources */ = {isa = PBXBuildFile; fileRef = 3A14915D5DAC8AE065F69673 /* MigrationSourcesScreen.swift */; };
		12815B9788910B123BB2DBD3 /* BrowseScreen.swift in Sources */ = {isa = PBXBuildFile; fileRef = E6CDDB2DF7870DDE5389379C /* BrowseScreen.swift */; };
		13786DB50C84EAE946C50260 /* BackupRestorer.swift in Sources */ = {isa = PBXBuildFile; fileRef = C7DACE34AD921854F4C75EED /* BackupRestorer.swift */; };
		178BC02A62FD3564AA5F5981 /* MangaDetailViewModel.swift in Sources */ = {isa = PBXBuildFile; fileRef = B7961393247E6166BF542906 /* MangaDetailViewModel.swift */; };
		1916CC5666F87A4327779E12 /* BackupScreen.swift in Sources */ = {isa = PBXBuildFile; fileRef = D4CB59B43A89E908F6216577 /* BackupScreen.swift */; };
		1B0070F257A8ED528722109F /* WidgetViews.swift in Sources */ = {isa = PBXBuildFile; fileRef = 0FE7DA2CA538921207F01E6B /* WidgetViews.swift */; };
		1BEA02558F38489A0F48EC41 /* AppLockView.swift in Sources */ = {isa = PBXBuildFile; fileRef = 41D0B0B54658FDCC75A44F66 /* AppLockView.swift */; };
		1DBAC26C9A356BACC4A711B4 /* RecentUpdatesWidget.swift in Sources */ = {isa = PBXBuildFile; fileRef = AADEDBBF91CE88FEAAA2A85D /* RecentUpdatesWidget.swift */; };
		20BE3CB0B4E756DAB5B83329 /* Tracker.swift in Sources */ = {isa = PBXBuildFile; fileRef = 316D024DCC4CF64E180B3611 /* Tracker.swift */; };
		211A7DF6A51112E11FEE55AE /* ExtensionListScreen.swift in Sources */ = {isa = PBXBuildFile; fileRef = E38BC21918807074513F802E /* ExtensionListScreen.swift */; };

		25533A080E3E84B28E8CD4AA /* DirectoryPageLoader.swift in Sources */ = {isa = PBXBuildFile; fileRef = AA4DC1947B4738CF0AED70B3 /* DirectoryPageLoader.swift */; };
		25D5FBDD032C8FA380C39C7B /* SourcesListScreen.swift in Sources */ = {isa = PBXBuildFile; fileRef = 1BF08737657AF290FBEED81B /* SourcesListScreen.swift */; };
		27BAB9311A206665A45DC66E /* SettingsTrackingScreen.swift in Sources */ = {isa = PBXBuildFile; fileRef = A58A7FB7949413A6E2BE8434 /* SettingsTrackingScreen.swift */; };
		2A978B7DB635C6ECC846D6C9 /* DownloadCache.swift in Sources */ = {isa = PBXBuildFile; fileRef = B9FCC68ECD305C42E89D8C1F /* DownloadCache.swift */; };
		2B204C79982DF87EE09694B9 /* CategoryManagementSheet.swift in Sources */ = {isa = PBXBuildFile; fileRef = 06007C1B0BF2892AE665CCD9 /* CategoryManagementSheet.swift */; };
		52B5B1F6D7246DDCD0FCF9BB /* CategoryPickerSheet.swift in Sources */ = {isa = PBXBuildFile; fileRef = FB03B61B3093199535E42812 /* CategoryPickerSheet.swift */; };
		2CD325A9C11AC5001BF305BD /* GetExtensionRepos.swift in Sources */ = {isa = PBXBuildFile; fileRef = 53508DAD66EB031FC24BAB60 /* GetExtensionRepos.swift */; };
		31363E56FCE93CF51741EC23 /* LibraryViewModel.swift in Sources */ = {isa = PBXBuildFile; fileRef = 0E4344E8025A3DF9FF0AD3D5 /* LibraryViewModel.swift */; };
		31C79731E39AC5B5F3171CFF /* DualPageReaderView.swift in Sources */ = {isa = PBXBuildFile; fileRef = 9D98686E13CE41B3F7E8EE0D /* DualPageReaderView.swift */; };
		32AF2A151B77CEF594202534 /* SwiftSoup in Frameworks */ = {isa = PBXBuildFile; productRef = B1F0900B68A17B6A3C8DD3B4 /* SwiftSoup */; };
		33AF75FAAD9B4139801E742E /* MangaGenresSection.swift in Sources */ = {isa = PBXBuildFile; fileRef = 7B621A9F96B4527E3D073304 /* MangaGenresSection.swift */; };
		367C98DED00DFD7F25E73974 /* BackupCreator.swift in Sources */ = {isa = PBXBuildFile; fileRef = 954B0501BFCD81C4876232E4 /* BackupCreator.swift */; };
		373EC27A7DB0BFB866238B8E /* LibraryListView.swift in Sources */ = {isa = PBXBuildFile; fileRef = 637CA59D072BEE86218FE49B /* LibraryListView.swift */; };
		384255170243386478C775FE /* ReaderContainerView.swift in Sources */ = {isa = PBXBuildFile; fileRef = D16C767BEA5537B6F2FC55BC /* ReaderContainerView.swift */; };
		3AEC8D71EF6461DDA64EFD8D /* ArchivePageLoader.swift in Sources */ = {isa = PBXBuildFile; fileRef = 577FA36DAF557C5A90053C91 /* ArchivePageLoader.swift */; };
		3B35D7945C0E9061745DDC08 /* PagerReaderView.swift in Sources */ = {isa = PBXBuildFile; fileRef = 75A36B94A44C20B431A41DEE /* PagerReaderView.swift */; };
		3F582E22D013C3271DCD0BF0 /* WidgetModels.swift in Sources */ = {isa = PBXBuildFile; fileRef = 5E3833B7C69D2F7FC6788653 /* WidgetModels.swift */; };
		3FB74DD5FCA5C3AB8BFD2D84 /* StubCatalogueSource.swift in Sources */ = {isa = PBXBuildFile; fileRef = 8DC1F296647A369498306F53 /* StubCatalogueSource.swift */; };
		403A7C04057245A18CC48319 /* LibraryScreen.swift in Sources */ = {isa = PBXBuildFile; fileRef = AD808C8B0B511B658D5F99C2 /* LibraryScreen.swift */; };
		4066625CA3F3022C2DE495AB /* MihonDomain in Frameworks */ = {isa = PBXBuildFile; productRef = 406F78935A7F6D8779DCAE18 /* MihonDomain */; };
		41486797DD804317259A9998 /* UpcomingScreen.swift in Sources */ = {isa = PBXBuildFile; fileRef = 84097527B69B257313EB6243 /* UpcomingScreen.swift */; };
		4399E9748E6934337A4EEC7F /* HistoryScreen.swift in Sources */ = {isa = PBXBuildFile; fileRef = 91D75E53A7A56C06E20A2FBB /* HistoryScreen.swift */; };
		43B32CF6218D0DE57619F95E /* DIContainer.swift in Sources */ = {isa = PBXBuildFile; fileRef = 635FEED4785D759402514B4E /* DIContainer.swift */; };
		4F0512564AF59916B60EAB10 /* MihonI18n in Frameworks */ = {isa = PBXBuildFile; productRef = FBE67A9D081D3363289EFFFC /* MihonI18n */; };
		502E3E8655BA8789091CA72A /* ParsedHttpSource.swift in Sources */ = {isa = PBXBuildFile; fileRef = 2AB8C5F783ABBB3A4E405EB8 /* ParsedHttpSource.swift */; };
		67DE69EEDEE24E49B56A1511 /* DebugLogger.swift in Sources */ = {isa = PBXBuildFile; fileRef = FF9E7B7BBFED449DAE4339AB /* DebugLogger.swift */; };
		A099BD4A72AF498DB5A36C00 /* LZString.swift in Sources */ = {isa = PBXBuildFile; fileRef = D02E62A93A67422EA0E3F1A1 /* LZString.swift */; };
		50BFE47F736B8AB4F0889FBE /* MihonApp.swift in Sources */ = {isa = PBXBuildFile; fileRef = 80FAC8A0FFDC7E29D3BDC8D2 /* MihonApp.swift */; };
		5167439972E2D4D9AD32FDFC /* SettingsAppearanceScreen.swift in Sources */ = {isa = PBXBuildFile; fileRef = B9B756511FFF260C7669F36D /* SettingsAppearanceScreen.swift */; };
		52E21164AF5C4E1E30A011B7 /* ScanlatorFilterSheet.swift in Sources */ = {isa = PBXBuildFile; fileRef = 88709C9F2C79D28EDF93BF6D /* ScanlatorFilterSheet.swift */; };
		5574CEEC6981793B157E6FAC /* VolumeButtonHandler.swift in Sources */ = {isa = PBXBuildFile; fileRef = 8AE4958BCB0F621F0CA2A941 /* VolumeButtonHandler.swift */; };
		55AA93163014850EFDEC0788 /* SettingsDownloadsScreen.swift in Sources */ = {isa = PBXBuildFile; fileRef = 9F99ABC3374DD7576F8D2AEC /* SettingsDownloadsScreen.swift */; };
		58A7613C224E61332CE4DD9F /* ChapterFilterSheet.swift in Sources */ = {isa = PBXBuildFile; fileRef = 5E20695C11EE69E33E40EF5E /* ChapterFilterSheet.swift */; };
		5A482EE7299E99C2FA453C34 /* MihonSourceAPI in Frameworks */ = {isa = PBXBuildFile; productRef = 716B342587206087FB2C6BB7 /* MihonSourceAPI */; };
		5CFA13325B41D60033AFCFD5 /* PluginLoader.swift in Sources */ = {isa = PBXBuildFile; fileRef = A9685875CB612A12A3CF0266 /* PluginLoader.swift */; };
		5E1EB06424031ADD6FDDB185 /* AniListTracker.swift in Sources */ = {isa = PBXBuildFile; fileRef = DD1DF6EAA27660B6DAA6C5B7 /* AniListTracker.swift */; };
		5F9B6919706697F4D808D0BB /* SettingsReaderScreen.swift in Sources */ = {isa = PBXBuildFile; fileRef = 5E3555BE518EA1A42FAC9221 /* SettingsReaderScreen.swift */; };
		5FD2A6FF0853A6A06F2A3FF6 /* Assets.xcassets in Resources */ = {isa = PBXBuildFile; fileRef = 7C026C3A9A3934586694762C /* Assets.xcassets */; };
		652FEBB12ED4E932FD90FCE3 /* ExtensionDetailScreen.swift in Sources */ = {isa = PBXBuildFile; fileRef = F807069BA03847CAEDCC32DA /* ExtensionDetailScreen.swift */; };
		66FADDE718CF43603C62C800 /* TrackerManager.swift in Sources */ = {isa = PBXBuildFile; fileRef = 6ADD5C2908F7C2504B6D44DC /* TrackerManager.swift */; };
		67084352A6D64966CAE55BE1 /* LibraryGridView+iPad.swift in Sources */ = {isa = PBXBuildFile; fileRef = F0CBF154060E0480B94A00AF /* LibraryGridView+iPad.swift */; };
		67354DBA3F9D4150AF2060B3 /* LargeImageView.swift in Sources */ = {isa = PBXBuildFile; fileRef = 77ACC8C9F90DC7C96D4D4953 /* LargeImageView.swift */; };
		6AB7463A26E6F5FAE4628FAA /* AVFoundation.framework in Frameworks */ = {isa = PBXBuildFile; fileRef = 2766A264FE402CA60CCD00CB /* AVFoundation.framework */; };
		6C4FD9B54BB0750136CDE882 /* CryptoKit.framework in Frameworks */ = {isa = PBXBuildFile; fileRef = F2EE5E147A9512CB8F8024C3 /* CryptoKit.framework */; };
		6CB2863FC53D4EAAC342F6BA /* OnboardingScreen.swift in Sources */ = {isa = PBXBuildFile; fileRef = 69D9060CC670005656FBE552 /* OnboardingScreen.swift */; };
		6E2100D11B7B4DC7A8BF2361 /* TrackSearchSheet.swift in Sources */ = {isa = PBXBuildFile; fileRef = 254BB8C78AB6DDC208862B3B /* TrackSearchSheet.swift */; };
		7266C4CAA06A7D4D0583025D /* ALOAuth.swift in Sources */ = {isa = PBXBuildFile; fileRef = F9AED01DA21E52CF9F114AC6 /* ALOAuth.swift */; };
		74147804132B0326735C85D7 /* MediaPlayer.framework in Frameworks */ = {isa = PBXBuildFile; fileRef = 9A8A7DB52E2DE66B29F5AF51 /* MediaPlayer.framework */; };
		78CD1C1BCF7C495F9EC6B94D /* MangaInfoHeader.swift in Sources */ = {isa = PBXBuildFile; fileRef = DDE5A061C57974D1A77575C9 /* MangaInfoHeader.swift */; };
		79F613D12D5D87D5A2AE5FD2 /* MihonData in Frameworks */ = {isa = PBXBuildFile; productRef = 38FE9087F07169D0AB023684 /* MihonData */; };
		7B6AE7F767491F8BA96CBADC /* ReaderViewModel.swift in Sources */ = {isa = PBXBuildFile; fileRef = C420CA8623E59A1D870AAD1E /* ReaderViewModel.swift */; };
		7CC23EA88DB22680DEC2C401 /* NotificationManager.swift in Sources */ = {isa = PBXBuildFile; fileRef = 5AB10AA04B34B21660127B23 /* NotificationManager.swift */; };
		7E008A77660187C978B88CB5 /* SettingsBrowseScreen.swift in Sources */ = {isa = PBXBuildFile; fileRef = B2B2A2A5BC63CA1DB8418B3E /* SettingsBrowseScreen.swift */; };
		7EF529C531D63EADFF5F3084 /* MigrationMangaListScreen.swift in Sources */ = {isa = PBXBuildFile; fileRef = 020695D354B10C2CBAEA1F01 /* MigrationMangaListScreen.swift */; };
		7FAE1E1ADB3C3BB31058B0A2 /* AboutScreen.swift in Sources */ = {isa = PBXBuildFile; fileRef = D90AC57921119F60896BDAE5 /* AboutScreen.swift */; };
		82C19D5935519FD4FCA0AB44 /* MangaDetailIPadLayout.swift in Sources */ = {isa = PBXBuildFile; fileRef = D3C8A47E73275573E810D4FF /* MangaDetailIPadLayout.swift */; };
		88F127E01A9020D72CAE6A99 /* AutoBackupManager.swift in Sources */ = {isa = PBXBuildFile; fileRef = A876B12A3C46105BF1CDDE86 /* AutoBackupManager.swift */; };
		8B1E18EFEE1730A83EFBBC1C /* UpdatesScreen.swift in Sources */ = {isa = PBXBuildFile; fileRef = 878C49B03C8E5D85E086306C /* UpdatesScreen.swift */; };
		8EB7AD479F9D1CB85093DB2D /* MALOAuth.swift in Sources */ = {isa = PBXBuildFile; fileRef = 5379E16E4003D66465ED8B47 /* MALOAuth.swift */; };
		91A697B22136E1B90D29B0C5 /* HttpPageLoader.swift in Sources */ = {isa = PBXBuildFile; fileRef = D9E3CAB590B6E971F68F0C04 /* HttpPageLoader.swift */; };
		93E0D3A5ADD4B763B4BEE7A9 /* StatisticsScreen.swift in Sources */ = {isa = PBXBuildFile; fileRef = 40FD2D8D9ED5FF07E32D9594 /* StatisticsScreen.swift */; };
		940F5340A204456B9D07C03D /* PageLoader.swift in Sources */ = {isa = PBXBuildFile; fileRef = FF39D750C71840EA3802EE65 /* PageLoader.swift */; };
		9650F2B02B1CB2EBD92EFAD6 /* PluginVerifier.swift in Sources */ = {isa = PBXBuildFile; fileRef = 92EB227D01D12A76230DAA5B /* PluginVerifier.swift */; };
		A1B2C3D4E5F6A7B8C9D0E1F2 /* JSDomLib.swift in Sources */ = {isa = PBXBuildFile; fileRef = F3E4D5C6B7A8091A2B3C4D5E /* JSDomLib.swift */; };
		C3D4E5F6A7B8C9D0E1F2A3B4 /* CloudflareWebView.swift in Sources */ = {isa = PBXBuildFile; fileRef = B1C2D3E4F5A6B7C8D9E0F1A2 /* CloudflareWebView.swift */; };
		987CF28589F0E62B4DBDBE41 /* MigrationViewModel.swift in Sources */ = {isa = PBXBuildFile; fileRef = 441FFE676810F79356A42132 /* MigrationViewModel.swift */; };
		9C574A20A4C29884E419242C /* ViewerNavigation.swift in Sources */ = {isa = PBXBuildFile; fileRef = 12A859B02F6C4466F3E2D522 /* ViewerNavigation.swift */; };
		9E38775DDF183E907592B0DF /* MainView.swift in Sources */ = {isa = PBXBuildFile; fileRef = FF25B09F6FF59140B0A8AB56 /* MainView.swift */; };
		9EBB855097355BEC2CA9852C /* MihonCore in Frameworks */ = {isa = PBXBuildFile; productRef = AC37A3461E7833B5E9220A02 /* MihonCore */; };
		9F1DB9E60B5E49995E8EF8FC /* LibrarySettingsSheet.swift in Sources */ = {isa = PBXBuildFile; fileRef = 41AD38337EBD591FDBA83F18 /* LibrarySettingsSheet.swift */; };
		A62CAD498C5233F09FAAC46F /* SettingsScreen.swift in Sources */ = {isa = PBXBuildFile; fileRef = 14AD175AB87FE2F7F3DF6279 /* SettingsScreen.swift */; };
		A8A0AFF8FB3B496345E7ACC9 /* BrowseSourceScreen.swift in Sources */ = {isa = PBXBuildFile; fileRef = D804A3BA484DFE12E1C060AB /* BrowseSourceScreen.swift */; };
		0D150A845C0BE385416138E1 /* SourceFilterSheet.swift in Sources */ = {isa = PBXBuildFile; fileRef = 148563D78D03B9D2ED8FBC0A /* SourceFilterSheet.swift */; };
		A9467EC5AF4E55791E07B440 /* SettingsSecurityScreen.swift in Sources */ = {isa = PBXBuildFile; fileRef = 11514A5F1196017B02EB35B2 /* SettingsSecurityScreen.swift */; };
		A9EC2CB9DC3A14877F1534F1 /* WebtoonReaderView.swift in Sources */ = {isa = PBXBuildFile; fileRef = 48EBB6237443364F5B4B4794 /* WebtoonReaderView.swift */; };
		AD4C9175CAFBFF6D3116FF84 /* CreateExtensionRepo.swift in Sources */ = {isa = PBXBuildFile; fileRef = 25276DA714D5256FDA542029 /* CreateExtensionRepo.swift */; };
		ADDB9C272E77E0EF3929ED9B /* LocalAuthentication.framework in Frameworks */ = {isa = PBXBuildFile; fileRef = 7EB408B77D1D490F8806E828 /* LocalAuthentication.framework */; };
		AE312E62D20CEB5053C15CE4 /* MoreScreen.swift in Sources */ = {isa = PBXBuildFile; fileRef = E4F332CD2AA414539DF8F4A3 /* MoreScreen.swift */; };
		AEA60E5C620783ECDFA4E37B /* ReaderSettingsSheet.swift in Sources */ = {isa = PBXBuildFile; fileRef = 78F680AD593EBE6AB7B8549A /* ReaderSettingsSheet.swift */; };
		B419CD9FD16CDD6233F022C6 /* ImageSplitter.swift in Sources */ = {isa = PBXBuildFile; fileRef = 68F05CE0872B1D418252D897 /* ImageSplitter.swift */; };
		B56B00279033BBDBE27E5405 /* SettingsGeneralScreen.swift in Sources */ = {isa = PBXBuildFile; fileRef = EA352313DC7453EA6AD4BDA0 /* SettingsGeneralScreen.swift */; };
		B590B5819A94264384A97A1D /* MangaDescriptionSection.swift in Sources */ = {isa = PBXBuildFile; fileRef = 52EAA38BB390DD196C4E95F6 /* MangaDescriptionSection.swift */; };
		B63401AE70E475CD1E906768 /* TrackSheetViewModel.swift in Sources */ = {isa = PBXBuildFile; fileRef = FEA6D64E420FD39FF98C1B1D /* TrackSheetViewModel.swift */; };
		B6611909EB736104D44D549E /* MyAnimeListApi.swift in Sources */ = {isa = PBXBuildFile; fileRef = ADB688D7C1757EE79AB5816C /* MyAnimeListApi.swift */; };
		B7405124F7EE733874F5F2A6 /* SecureScreenModifier.swift in Sources */ = {isa = PBXBuildFile; fileRef = 11703A1A9D27BF65A67138AF /* SecureScreenModifier.swift */; };
		BF702A5714A8F4D102973260 /* SettingsKeys.swift in Sources */ = {isa = PBXBuildFile; fileRef = 87EE62D913E38A96D553A62D /* SettingsKeys.swift */; };
		C09D09ABC7C7F44FD28E7CF2 /* DeepLinkHandler.swift in Sources */ = {isa = PBXBuildFile; fileRef = B97A79431C427047B79CED22 /* DeepLinkHandler.swift */; };
		C242314E323F8919E64FA823 /* MyAnimeListTracker.swift in Sources */ = {isa = PBXBuildFile; fileRef = A6138874A525E505F2DFC46D /* MyAnimeListTracker.swift */; };
		C2EDF3058C88EF00FF1CD379 /* AppLockManager.swift in Sources */ = {isa = PBXBuildFile; fileRef = 932D6A8F879461A44231B50B /* AppLockManager.swift */; };
		C920706496F529C12E82A2FE /* BackupModels.swift in Sources */ = {isa = PBXBuildFile; fileRef = 9F87B31234F66867FE53F7BC /* BackupModels.swift */; };
		C99031B6D228684FDC764D3A /* TimelineProviders.swift in Sources */ = {isa = PBXBuildFile; fileRef = B126BE334CFBEDD7A1E7CB59 /* TimelineProviders.swift */; };
		C99EC18827216BD0B640CEE2 /* DownloadQueueScreen.swift in Sources */ = {isa = PBXBuildFile; fileRef = E99C3B30CD294EC36D69691B /* DownloadQueueScreen.swift */; };
		D7AD375DE67875512C69E7E9 /* ReaderPageViewController.swift in Sources */ = {isa = PBXBuildFile; fileRef = F82C470F96FC754B9598E2F6 /* ReaderPageViewController.swift */; };
		D869F48008166EA65E6D8DE9 /* ExtensionManager.swift in Sources */ = {isa = PBXBuildFile; fileRef = 9DA7697B726E0A7799C75D2A /* ExtensionManager.swift */; };
		D95501E821E16A0102C1A0B2 /* ChapterTransitionView.swift in Sources */ = {isa = PBXBuildFile; fileRef = F2ACC1D25954692E7A782EB7 /* ChapterTransitionView.swift */; };
		DE828C8018420B58A2B640EA /* LibraryWidget.swift in Sources */ = {isa = PBXBuildFile; fileRef = 4C8D7FA720876A9286C465F7 /* LibraryWidget.swift */; };
		E05D81B49E41E334114113CD /* ColorFilter.swift in Sources */ = {isa = PBXBuildFile; fileRef = 266AB31D1D5BC8ACE10A81D8 /* ColorFilter.swift */; };
		E2EDE1CBA3846E9ECDDA101B /* IncognitoManager.swift in Sources */ = {isa = PBXBuildFile; fileRef = 4AE539B146DEFA8FFDE2A06C /* IncognitoManager.swift */; };
		E3A3B806DC07B5F5906EC1FE /* MangaDetailScreen.swift in Sources */ = {isa = PBXBuildFile; fileRef = 25269551B5C9BF98695CD99D /* MangaDetailScreen.swift */; };
		E57359C9677CEF48FB287B38 /* SettingsLibraryScreen.swift in Sources */ = {isa = PBXBuildFile; fileRef = 75C930747E935B12CBFAB433 /* SettingsLibraryScreen.swift */; };
		E6A52DA915E2E2FF6F5D75A7 /* DownloadPageLoader.swift in Sources */ = {isa = PBXBuildFile; fileRef = 9E21D88A8619896AB586C1A5 /* DownloadPageLoader.swift */; };
		E70270D3BF59F57E1502A3DE /* SourcePreferencesScreen.swift in Sources */ = {isa = PBXBuildFile; fileRef = F2981836EA4715D5563185AB /* SourcePreferencesScreen.swift */; };
		E9799225D6C7D82772F3AA72 /* ChapterRow.swift in Sources */ = {isa = PBXBuildFile; fileRef = 6F912EDAAE53F51E47D2EE1E /* ChapterRow.swift */; };
		EBA53F645CE5A06087E187CC /* GlobalSearchScreen.swift in Sources */ = {isa = PBXBuildFile; fileRef = 6720C2179C78443232D839FC /* GlobalSearchScreen.swift */; };
		EDB8BD2B2AF21E5FDCE29ECE /* LibraryGridView.swift in Sources */ = {isa = PBXBuildFile; fileRef = 6322FFC431B52ED13705C68E /* LibraryGridView.swift */; };
		EF172DFEF41BD1784F964F94 /* JSSourceProxy.swift in Sources */ = {isa = PBXBuildFile; fileRef = F1034CE4BF4E6816556BECA1 /* JSSourceProxy.swift */; };
		EF988179CB84609210E4A0AB /* AniListApi.swift in Sources */ = {isa = PBXBuildFile; fileRef = E866E4A33D93066F7B911149 /* AniListApi.swift */; };
		F06C3C85E22DE254B809181F /* MainView+iPad.swift in Sources */ = {isa = PBXBuildFile; fileRef = 57BDFC84FD6C69AD109CF379 /* MainView+iPad.swift */; };
		F0A5DCDDCBBC5A1C341A6C9B /* TrackerLoginSheet.swift in Sources */ = {isa = PBXBuildFile; fileRef = D3B1231E91C10EA314313210 /* TrackerLoginSheet.swift */; };
		F205C430186D248FE2B1D9F7 /* JSBridge.swift in Sources */ = {isa = PBXBuildFile; fileRef = 5D6AB1F3A72D45B93500D93D /* JSBridge.swift */; };
		F6A50DA1C0FC0CAC3D58E048 /* MihonSourceLocal in Frameworks */ = {isa = PBXBuildFile; productRef = BEEFD4CB20BB4C289E1CEF89 /* MihonSourceLocal */; };
		F7A0110D695F7D107C1CCD4C /* MihonWidgetBundle.swift in Sources */ = {isa = PBXBuildFile; fileRef = C9C1586E5B601740F430947E /* MihonWidgetBundle.swift */; };
		F8004423B2168DE135DC0A11 /* AmoledDarkModifier.swift in Sources */ = {isa = PBXBuildFile; fileRef = A30F18A40B7F916C1B4FF3E0 /* AmoledDarkModifier.swift */; };
		FFA8A6ACACCB1AA58E91298F /* SmartSearchEngine.swift in Sources */ = {isa = PBXBuildFile; fileRef = EE98E10C5E212FA2A095C77B /* SmartSearchEngine.swift */; };
/* End PBXBuildFile section */

/* Begin PBXFileReference section */
		020695D354B10C2CBAEA1F01 /* MigrationMangaListScreen.swift */ = {isa = PBXFileReference; lastKnownFileType = sourcecode.swift; path = MigrationMangaListScreen.swift; sourceTree = "<group>"; };
		06007C1B0BF2892AE665CCD9 /* CategoryManagementSheet.swift */ = {isa = PBXFileReference; lastKnownFileType = sourcecode.swift; path = CategoryManagementSheet.swift; sourceTree = "<group>"; };
		FB03B61B3093199535E42812 /* CategoryPickerSheet.swift */ = {isa = PBXFileReference; lastKnownFileType = sourcecode.swift; path = CategoryPickerSheet.swift; sourceTree = "<group>"; };
		0C16E44CCEE62925A84C7629 /* TrackSheet.swift */ = {isa = PBXFileReference; lastKnownFileType = sourcecode.swift; path = TrackSheet.swift; sourceTree = "<group>"; };
		0E4344E8025A3DF9FF0AD3D5 /* LibraryViewModel.swift */ = {isa = PBXFileReference; lastKnownFileType = sourcecode.swift; path = LibraryViewModel.swift; sourceTree = "<group>"; };
		0FE7DA2CA538921207F01E6B /* WidgetViews.swift */ = {isa = PBXFileReference; lastKnownFileType = sourcecode.swift; path = WidgetViews.swift; sourceTree = "<group>"; };
		11514A5F1196017B02EB35B2 /* SettingsSecurityScreen.swift */ = {isa = PBXFileReference; lastKnownFileType = sourcecode.swift; path = SettingsSecurityScreen.swift; sourceTree = "<group>"; };
		11703A1A9D27BF65A67138AF /* SecureScreenModifier.swift */ = {isa = PBXFileReference; lastKnownFileType = sourcecode.swift; path = SecureScreenModifier.swift; sourceTree = "<group>"; };
		12A859B02F6C4466F3E2D522 /* ViewerNavigation.swift */ = {isa = PBXFileReference; lastKnownFileType = sourcecode.swift; path = ViewerNavigation.swift; sourceTree = "<group>"; };
		14AD175AB87FE2F7F3DF6279 /* SettingsScreen.swift */ = {isa = PBXFileReference; lastKnownFileType = sourcecode.swift; path = SettingsScreen.swift; sourceTree = "<group>"; };
		1BF08737657AF290FBEED81B /* SourcesListScreen.swift */ = {isa = PBXFileReference; lastKnownFileType = sourcecode.swift; path = SourcesListScreen.swift; sourceTree = "<group>"; };
		148563D78D03B9D2ED8FBC0A /* SourceFilterSheet.swift */ = {isa = PBXFileReference; lastKnownFileType = sourcecode.swift; path = SourceFilterSheet.swift; sourceTree = "<group>"; };
		25269551B5C9BF98695CD99D /* MangaDetailScreen.swift */ = {isa = PBXFileReference; lastKnownFileType = sourcecode.swift; path = MangaDetailScreen.swift; sourceTree = "<group>"; };
		25276DA714D5256FDA542029 /* CreateExtensionRepo.swift */ = {isa = PBXFileReference; lastKnownFileType = sourcecode.swift; path = CreateExtensionRepo.swift; sourceTree = "<group>"; };
		254BB8C78AB6DDC208862B3B /* TrackSearchSheet.swift */ = {isa = PBXFileReference; lastKnownFileType = sourcecode.swift; path = TrackSearchSheet.swift; sourceTree = "<group>"; };
		266AB31D1D5BC8ACE10A81D8 /* ColorFilter.swift */ = {isa = PBXFileReference; lastKnownFileType = sourcecode.swift; path = ColorFilter.swift; sourceTree = "<group>"; };
		2766A264FE402CA60CCD00CB /* AVFoundation.framework */ = {isa = PBXFileReference; lastKnownFileType = wrapper.framework; name = AVFoundation.framework; path = System/Library/Frameworks/AVFoundation.framework; sourceTree = SDKROOT; };
		2AB8C5F783ABBB3A4E405EB8 /* ParsedHttpSource.swift */ = {isa = PBXFileReference; lastKnownFileType = sourcecode.swift; path = ParsedHttpSource.swift; sourceTree = "<group>"; };
		FF9E7B7BBFED449DAE4339AB /* DebugLogger.swift */ = {isa = PBXFileReference; lastKnownFileType = sourcecode.swift; path = DebugLogger.swift; sourceTree = "<group>"; };
		D02E62A93A67422EA0E3F1A1 /* LZString.swift */ = {isa = PBXFileReference; lastKnownFileType = sourcecode.swift; path = LZString.swift; sourceTree = "<group>"; };
		2D587D9682641A573A1D6CE9 /* MihonApp.app */ = {isa = PBXFileReference; includeInIndex = 0; lastKnownFileType = wrapper.application; path = MihonApp.app; sourceTree = BUILT_PRODUCTS_DIR; };
		316D024DCC4CF64E180B3611 /* Tracker.swift */ = {isa = PBXFileReference; lastKnownFileType = sourcecode.swift; path = Tracker.swift; sourceTree = "<group>"; };
		3A14915D5DAC8AE065F69673 /* MigrationSourcesScreen.swift */ = {isa = PBXFileReference; lastKnownFileType = sourcecode.swift; path = MigrationSourcesScreen.swift; sourceTree = "<group>"; };
		40FD2D8D9ED5FF07E32D9594 /* StatisticsScreen.swift */ = {isa = PBXFileReference; lastKnownFileType = sourcecode.swift; path = StatisticsScreen.swift; sourceTree = "<group>"; };
		4111E1BA0971EFC9D2686F1C /* MihonSourceAPI */ = {isa = PBXFileReference; lastKnownFileType = folder; name = MihonSourceAPI; path = Packages/MihonSourceAPI; sourceTree = SOURCE_ROOT; };
		41AD38337EBD591FDBA83F18 /* LibrarySettingsSheet.swift */ = {isa = PBXFileReference; lastKnownFileType = sourcecode.swift; path = LibrarySettingsSheet.swift; sourceTree = "<group>"; };
		41D0B0B54658FDCC75A44F66 /* AppLockView.swift */ = {isa = PBXFileReference; lastKnownFileType = sourcecode.swift; path = AppLockView.swift; sourceTree = "<group>"; };
		441FFE676810F79356A42132 /* MigrationViewModel.swift */ = {isa = PBXFileReference; lastKnownFileType = sourcecode.swift; path = MigrationViewModel.swift; sourceTree = "<group>"; };
		48EBB6237443364F5B4B4794 /* WebtoonReaderView.swift */ = {isa = PBXFileReference; lastKnownFileType = sourcecode.swift; path = WebtoonReaderView.swift; sourceTree = "<group>"; };
		49ADA82EA743086FF66629F3 /* MihonI18n */ = {isa = PBXFileReference; lastKnownFileType = folder; name = MihonI18n; path = Packages/MihonI18n; sourceTree = SOURCE_ROOT; };
		4AE539B146DEFA8FFDE2A06C /* IncognitoManager.swift */ = {isa = PBXFileReference; lastKnownFileType = sourcecode.swift; path = IncognitoManager.swift; sourceTree = "<group>"; };
		4C8D7FA720876A9286C465F7 /* LibraryWidget.swift */ = {isa = PBXFileReference; lastKnownFileType = sourcecode.swift; path = LibraryWidget.swift; sourceTree = "<group>"; };
		50821FF9064E78AA599E0B58 /* MihonData */ = {isa = PBXFileReference; lastKnownFileType = folder; name = MihonData; path = Packages/MihonData; sourceTree = SOURCE_ROOT; };
		52EAA38BB390DD196C4E95F6 /* MangaDescriptionSection.swift */ = {isa = PBXFileReference; lastKnownFileType = sourcecode.swift; path = MangaDescriptionSection.swift; sourceTree = "<group>"; };
		53508DAD66EB031FC24BAB60 /* GetExtensionRepos.swift */ = {isa = PBXFileReference; lastKnownFileType = sourcecode.swift; path = GetExtensionRepos.swift; sourceTree = "<group>"; };
		5379E16E4003D66465ED8B47 /* MALOAuth.swift */ = {isa = PBXFileReference; lastKnownFileType = sourcecode.swift; path = MALOAuth.swift; sourceTree = "<group>"; };
		577FA36DAF557C5A90053C91 /* ArchivePageLoader.swift */ = {isa = PBXFileReference; lastKnownFileType = sourcecode.swift; path = ArchivePageLoader.swift; sourceTree = "<group>"; };
		57BDFC84FD6C69AD109CF379 /* MainView+iPad.swift */ = {isa = PBXFileReference; lastKnownFileType = sourcecode.swift; path = "MainView+iPad.swift"; sourceTree = "<group>"; };
		5AB10AA04B34B21660127B23 /* NotificationManager.swift */ = {isa = PBXFileReference; lastKnownFileType = sourcecode.swift; path = NotificationManager.swift; sourceTree = "<group>"; };
		5CAA84D03131F3670B351A7B /* MihonDomain */ = {isa = PBXFileReference; lastKnownFileType = folder; name = MihonDomain; path = Packages/MihonDomain; sourceTree = SOURCE_ROOT; };
		5D241FE8178DB146998C348D /* AuthenticationServices.framework */ = {isa = PBXFileReference; lastKnownFileType = wrapper.framework; name = AuthenticationServices.framework; path = System/Library/Frameworks/AuthenticationServices.framework; sourceTree = SDKROOT; };
		5D6AB1F3A72D45B93500D93D /* JSBridge.swift */ = {isa = PBXFileReference; lastKnownFileType = sourcecode.swift; path = JSBridge.swift; sourceTree = "<group>"; };
		5E20695C11EE69E33E40EF5E /* ChapterFilterSheet.swift */ = {isa = PBXFileReference; lastKnownFileType = sourcecode.swift; path = ChapterFilterSheet.swift; sourceTree = "<group>"; };
		5E2D189F8CAE82100783C521 /* SourceManager.swift */ = {isa = PBXFileReference; lastKnownFileType = sourcecode.swift; path = SourceManager.swift; sourceTree = "<group>"; };
		5E3555BE518EA1A42FAC9221 /* SettingsReaderScreen.swift */ = {isa = PBXFileReference; lastKnownFileType = sourcecode.swift; path = SettingsReaderScreen.swift; sourceTree = "<group>"; };
		5E3833B7C69D2F7FC6788653 /* WidgetModels.swift */ = {isa = PBXFileReference; lastKnownFileType = sourcecode.swift; path = WidgetModels.swift; sourceTree = "<group>"; };
		6322FFC431B52ED13705C68E /* LibraryGridView.swift */ = {isa = PBXFileReference; lastKnownFileType = sourcecode.swift; path = LibraryGridView.swift; sourceTree = "<group>"; };
		635FEED4785D759402514B4E /* DIContainer.swift */ = {isa = PBXFileReference; lastKnownFileType = sourcecode.swift; path = DIContainer.swift; sourceTree = "<group>"; };
		637CA59D072BEE86218FE49B /* LibraryListView.swift */ = {isa = PBXFileReference; lastKnownFileType = sourcecode.swift; path = LibraryListView.swift; sourceTree = "<group>"; };
		669F3CC66D28067E8B23EF82 /* SettingsBackupScreen.swift */ = {isa = PBXFileReference; lastKnownFileType = sourcecode.swift; path = SettingsBackupScreen.swift; sourceTree = "<group>"; };
		6720C2179C78443232D839FC /* GlobalSearchScreen.swift */ = {isa = PBXFileReference; lastKnownFileType = sourcecode.swift; path = GlobalSearchScreen.swift; sourceTree = "<group>"; };
		68F05CE0872B1D418252D897 /* ImageSplitter.swift */ = {isa = PBXFileReference; lastKnownFileType = sourcecode.swift; path = ImageSplitter.swift; sourceTree = "<group>"; };
		69D9060CC670005656FBE552 /* OnboardingScreen.swift */ = {isa = PBXFileReference; lastKnownFileType = sourcecode.swift; path = OnboardingScreen.swift; sourceTree = "<group>"; };
		6ADD5C2908F7C2504B6D44DC /* TrackerManager.swift */ = {isa = PBXFileReference; lastKnownFileType = sourcecode.swift; path = TrackerManager.swift; sourceTree = "<group>"; };
		6F912EDAAE53F51E47D2EE1E /* ChapterRow.swift */ = {isa = PBXFileReference; lastKnownFileType = sourcecode.swift; path = ChapterRow.swift; sourceTree = "<group>"; };
		75A36B94A44C20B431A41DEE /* PagerReaderView.swift */ = {isa = PBXFileReference; lastKnownFileType = sourcecode.swift; path = PagerReaderView.swift; sourceTree = "<group>"; };
		75C930747E935B12CBFAB433 /* SettingsLibraryScreen.swift */ = {isa = PBXFileReference; lastKnownFileType = sourcecode.swift; path = SettingsLibraryScreen.swift; sourceTree = "<group>"; };
		77ACC8C9F90DC7C96D4D4953 /* LargeImageView.swift */ = {isa = PBXFileReference; lastKnownFileType = sourcecode.swift; path = LargeImageView.swift; sourceTree = "<group>"; };
		78F680AD593EBE6AB7B8549A /* ReaderSettingsSheet.swift */ = {isa = PBXFileReference; lastKnownFileType = sourcecode.swift; path = ReaderSettingsSheet.swift; sourceTree = "<group>"; };
		7977AAFF7313D886478C9935 /* MihonSourceLocal */ = {isa = PBXFileReference; lastKnownFileType = folder; name = MihonSourceLocal; path = Packages/MihonSourceLocal; sourceTree = SOURCE_ROOT; };
		7B621A9F96B4527E3D073304 /* MangaGenresSection.swift */ = {isa = PBXFileReference; lastKnownFileType = sourcecode.swift; path = MangaGenresSection.swift; sourceTree = "<group>"; };
		7C026C3A9A3934586694762C /* Assets.xcassets */ = {isa = PBXFileReference; lastKnownFileType = folder.assetcatalog; path = Assets.xcassets; sourceTree = "<group>"; };
		7C61F9422F208B8752D86F9D /* SettingsAdvancedScreen.swift */ = {isa = PBXFileReference; lastKnownFileType = sourcecode.swift; path = SettingsAdvancedScreen.swift; sourceTree = "<group>"; };
		7EB408B77D1D490F8806E828 /* LocalAuthentication.framework */ = {isa = PBXFileReference; lastKnownFileType = wrapper.framework; name = LocalAuthentication.framework; path = System/Library/Frameworks/LocalAuthentication.framework; sourceTree = SDKROOT; };
		80FAC8A0FFDC7E29D3BDC8D2 /* MihonApp.swift */ = {isa = PBXFileReference; lastKnownFileType = sourcecode.swift; path = MihonApp.swift; sourceTree = "<group>"; };
		81242A617782C969C7B9484E /* DownloadManager.swift */ = {isa = PBXFileReference; lastKnownFileType = sourcecode.swift; path = DownloadManager.swift; sourceTree = "<group>"; };
		84097527B69B257313EB6243 /* UpcomingScreen.swift */ = {isa = PBXFileReference; lastKnownFileType = sourcecode.swift; path = UpcomingScreen.swift; sourceTree = "<group>"; };
		878C49B03C8E5D85E086306C /* UpdatesScreen.swift */ = {isa = PBXFileReference; lastKnownFileType = sourcecode.swift; path = UpdatesScreen.swift; sourceTree = "<group>"; };
		87EE62D913E38A96D553A62D /* SettingsKeys.swift */ = {isa = PBXFileReference; lastKnownFileType = sourcecode.swift; path = SettingsKeys.swift; sourceTree = "<group>"; };
		88709C9F2C79D28EDF93BF6D /* ScanlatorFilterSheet.swift */ = {isa = PBXFileReference; lastKnownFileType = sourcecode.swift; path = ScanlatorFilterSheet.swift; sourceTree = "<group>"; };
		88B98483812199885C984127 /* MihonCore */ = {isa = PBXFileReference; lastKnownFileType = folder; name = MihonCore; path = Packages/MihonCore; sourceTree = SOURCE_ROOT; };
		8AE4958BCB0F621F0CA2A941 /* VolumeButtonHandler.swift */ = {isa = PBXFileReference; lastKnownFileType = sourcecode.swift; path = VolumeButtonHandler.swift; sourceTree = "<group>"; };

		8DC1F296647A369498306F53 /* StubCatalogueSource.swift */ = {isa = PBXFileReference; lastKnownFileType = sourcecode.swift; path = StubCatalogueSource.swift; sourceTree = "<group>"; };
		91D75E53A7A56C06E20A2FBB /* HistoryScreen.swift */ = {isa = PBXFileReference; lastKnownFileType = sourcecode.swift; path = HistoryScreen.swift; sourceTree = "<group>"; };
		92EB227D01D12A76230DAA5B /* PluginVerifier.swift */ = {isa = PBXFileReference; lastKnownFileType = sourcecode.swift; path = PluginVerifier.swift; sourceTree = "<group>"; };
		B1C2D3E4F5A6B7C8D9E0F1A2 /* CloudflareWebView.swift */ = {isa = PBXFileReference; lastKnownFileType = sourcecode.swift; path = CloudflareWebView.swift; sourceTree = "<group>"; };
		F3E4D5C6B7A8091A2B3C4D5E /* JSDomLib.swift */ = {isa = PBXFileReference; lastKnownFileType = sourcecode.swift; path = JSDomLib.swift; sourceTree = "<group>"; };

		932D6A8F879461A44231B50B /* AppLockManager.swift */ = {isa = PBXFileReference; lastKnownFileType = sourcecode.swift; path = AppLockManager.swift; sourceTree = "<group>"; };
		954B0501BFCD81C4876232E4 /* BackupCreator.swift */ = {isa = PBXFileReference; lastKnownFileType = sourcecode.swift; path = BackupCreator.swift; sourceTree = "<group>"; };
		9A8A7DB52E2DE66B29F5AF51 /* MediaPlayer.framework */ = {isa = PBXFileReference; lastKnownFileType = wrapper.framework; name = MediaPlayer.framework; path = System/Library/Frameworks/MediaPlayer.framework; sourceTree = SDKROOT; };
		9D98686E13CE41B3F7E8EE0D /* DualPageReaderView.swift */ = {isa = PBXFileReference; lastKnownFileType = sourcecode.swift; path = DualPageReaderView.swift; sourceTree = "<group>"; };
		9DA7697B726E0A7799C75D2A /* ExtensionManager.swift */ = {isa = PBXFileReference; lastKnownFileType = sourcecode.swift; path = ExtensionManager.swift; sourceTree = "<group>"; };
		9E21D88A8619896AB586C1A5 /* DownloadPageLoader.swift */ = {isa = PBXFileReference; lastKnownFileType = sourcecode.swift; path = DownloadPageLoader.swift; sourceTree = "<group>"; };
		9F87B31234F66867FE53F7BC /* BackupModels.swift */ = {isa = PBXFileReference; lastKnownFileType = sourcecode.swift; path = BackupModels.swift; sourceTree = "<group>"; };
		9F99ABC3374DD7576F8D2AEC /* SettingsDownloadsScreen.swift */ = {isa = PBXFileReference; lastKnownFileType = sourcecode.swift; path = SettingsDownloadsScreen.swift; sourceTree = "<group>"; };
		A30F18A40B7F916C1B4FF3E0 /* AmoledDarkModifier.swift */ = {isa = PBXFileReference; lastKnownFileType = sourcecode.swift; path = AmoledDarkModifier.swift; sourceTree = "<group>"; };
		A58A7FB7949413A6E2BE8434 /* SettingsTrackingScreen.swift */ = {isa = PBXFileReference; lastKnownFileType = sourcecode.swift; path = SettingsTrackingScreen.swift; sourceTree = "<group>"; };
		A6138874A525E505F2DFC46D /* MyAnimeListTracker.swift */ = {isa = PBXFileReference; lastKnownFileType = sourcecode.swift; path = MyAnimeListTracker.swift; sourceTree = "<group>"; };
		A876B12A3C46105BF1CDDE86 /* AutoBackupManager.swift */ = {isa = PBXFileReference; lastKnownFileType = sourcecode.swift; path = AutoBackupManager.swift; sourceTree = "<group>"; };
		A9685875CB612A12A3CF0266 /* PluginLoader.swift */ = {isa = PBXFileReference; lastKnownFileType = sourcecode.swift; path = PluginLoader.swift; sourceTree = "<group>"; };
		AA4DC1947B4738CF0AED70B3 /* DirectoryPageLoader.swift */ = {isa = PBXFileReference; lastKnownFileType = sourcecode.swift; path = DirectoryPageLoader.swift; sourceTree = "<group>"; };
		AADEDBBF91CE88FEAAA2A85D /* RecentUpdatesWidget.swift */ = {isa = PBXFileReference; lastKnownFileType = sourcecode.swift; path = RecentUpdatesWidget.swift; sourceTree = "<group>"; };
		AD808C8B0B511B658D5F99C2 /* LibraryScreen.swift */ = {isa = PBXFileReference; lastKnownFileType = sourcecode.swift; path = LibraryScreen.swift; sourceTree = "<group>"; };
		ADB688D7C1757EE79AB5816C /* MyAnimeListApi.swift */ = {isa = PBXFileReference; lastKnownFileType = sourcecode.swift; path = MyAnimeListApi.swift; sourceTree = "<group>"; };
		B126BE334CFBEDD7A1E7CB59 /* TimelineProviders.swift */ = {isa = PBXFileReference; lastKnownFileType = sourcecode.swift; path = TimelineProviders.swift; sourceTree = "<group>"; };
		B2B2A2A5BC63CA1DB8418B3E /* SettingsBrowseScreen.swift */ = {isa = PBXFileReference; lastKnownFileType = sourcecode.swift; path = SettingsBrowseScreen.swift; sourceTree = "<group>"; };
		B7961393247E6166BF542906 /* MangaDetailViewModel.swift */ = {isa = PBXFileReference; lastKnownFileType = sourcecode.swift; path = MangaDetailViewModel.swift; sourceTree = "<group>"; };
		B97A79431C427047B79CED22 /* DeepLinkHandler.swift */ = {isa = PBXFileReference; lastKnownFileType = sourcecode.swift; path = DeepLinkHandler.swift; sourceTree = "<group>"; };
		B9B756511FFF260C7669F36D /* SettingsAppearanceScreen.swift */ = {isa = PBXFileReference; lastKnownFileType = sourcecode.swift; path = SettingsAppearanceScreen.swift; sourceTree = "<group>"; };
		B9FCC68ECD305C42E89D8C1F /* DownloadCache.swift */ = {isa = PBXFileReference; lastKnownFileType = sourcecode.swift; path = DownloadCache.swift; sourceTree = "<group>"; };
		C420CA8623E59A1D870AAD1E /* ReaderViewModel.swift */ = {isa = PBXFileReference; lastKnownFileType = sourcecode.swift; path = ReaderViewModel.swift; sourceTree = "<group>"; };
		C7DACE34AD921854F4C75EED /* BackupRestorer.swift */ = {isa = PBXFileReference; lastKnownFileType = sourcecode.swift; path = BackupRestorer.swift; sourceTree = "<group>"; };
		C9C1586E5B601740F430947E /* MihonWidgetBundle.swift */ = {isa = PBXFileReference; lastKnownFileType = sourcecode.swift; path = MihonWidgetBundle.swift; sourceTree = "<group>"; };
		D16C767BEA5537B6F2FC55BC /* ReaderContainerView.swift */ = {isa = PBXFileReference; lastKnownFileType = sourcecode.swift; path = ReaderContainerView.swift; sourceTree = "<group>"; };
		D3B1231E91C10EA314313210 /* TrackerLoginSheet.swift */ = {isa = PBXFileReference; lastKnownFileType = sourcecode.swift; path = TrackerLoginSheet.swift; sourceTree = "<group>"; };
		D3C8A47E73275573E810D4FF /* MangaDetailIPadLayout.swift */ = {isa = PBXFileReference; lastKnownFileType = sourcecode.swift; path = MangaDetailIPadLayout.swift; sourceTree = "<group>"; };
		D4CB59B43A89E908F6216577 /* BackupScreen.swift */ = {isa = PBXFileReference; lastKnownFileType = sourcecode.swift; path = BackupScreen.swift; sourceTree = "<group>"; };
		D804A3BA484DFE12E1C060AB /* BrowseSourceScreen.swift */ = {isa = PBXFileReference; lastKnownFileType = sourcecode.swift; path = BrowseSourceScreen.swift; sourceTree = "<group>"; };
		D90AC57921119F60896BDAE5 /* AboutScreen.swift */ = {isa = PBXFileReference; lastKnownFileType = sourcecode.swift; path = AboutScreen.swift; sourceTree = "<group>"; };
		D999E7E4F2F439596E2AD99F /* MangaNotesSheet.swift */ = {isa = PBXFileReference; lastKnownFileType = sourcecode.swift; path = MangaNotesSheet.swift; sourceTree = "<group>"; };
		D9E3CAB590B6E971F68F0C04 /* HttpPageLoader.swift */ = {isa = PBXFileReference; lastKnownFileType = sourcecode.swift; path = HttpPageLoader.swift; sourceTree = "<group>"; };
		DAB565B1B2C0B8156E296A83 /* MihonUI */ = {isa = PBXFileReference; lastKnownFileType = folder; name = MihonUI; path = Packages/MihonUI; sourceTree = SOURCE_ROOT; };
		DD1DF6EAA27660B6DAA6C5B7 /* AniListTracker.swift */ = {isa = PBXFileReference; lastKnownFileType = sourcecode.swift; path = AniListTracker.swift; sourceTree = "<group>"; };
		DD4DA25B810F470AA4B5F397 /* MihonWidgetExtension.entitlements */ = {isa = PBXFileReference; lastKnownFileType = text.plist.entitlements; path = MihonWidgetExtension.entitlements; sourceTree = "<group>"; };
		DDE5A061C57974D1A77575C9 /* MangaInfoHeader.swift */ = {isa = PBXFileReference; lastKnownFileType = sourcecode.swift; path = MangaInfoHeader.swift; sourceTree = "<group>"; };
		E38BC21918807074513F802E /* ExtensionListScreen.swift */ = {isa = PBXFileReference; lastKnownFileType = sourcecode.swift; path = ExtensionListScreen.swift; sourceTree = "<group>"; };
		E4F332CD2AA414539DF8F4A3 /* MoreScreen.swift */ = {isa = PBXFileReference; lastKnownFileType = sourcecode.swift; path = MoreScreen.swift; sourceTree = "<group>"; };
		E6CDDB2DF7870DDE5389379C /* BrowseScreen.swift */ = {isa = PBXFileReference; lastKnownFileType = sourcecode.swift; path = BrowseScreen.swift; sourceTree = "<group>"; };
		E866E4A33D93066F7B911149 /* AniListApi.swift */ = {isa = PBXFileReference; lastKnownFileType = sourcecode.swift; path = AniListApi.swift; sourceTree = "<group>"; };
		E89F34760952F9FC0E2FD17F /* MigrationSearchScreen.swift */ = {isa = PBXFileReference; lastKnownFileType = sourcecode.swift; path = MigrationSearchScreen.swift; sourceTree = "<group>"; };
		E99C3B30CD294EC36D69691B /* DownloadQueueScreen.swift */ = {isa = PBXFileReference; lastKnownFileType = sourcecode.swift; path = DownloadQueueScreen.swift; sourceTree = "<group>"; };
		EA352313DC7453EA6AD4BDA0 /* SettingsGeneralScreen.swift */ = {isa = PBXFileReference; lastKnownFileType = sourcecode.swift; path = SettingsGeneralScreen.swift; sourceTree = "<group>"; };
		ED3BDF93A803918B52390B44 /* ExtensionRepoService.swift */ = {isa = PBXFileReference; lastKnownFileType = sourcecode.swift; path = ExtensionRepoService.swift; sourceTree = "<group>"; };
		EE98E10C5E212FA2A095C77B /* SmartSearchEngine.swift */ = {isa = PBXFileReference; lastKnownFileType = sourcecode.swift; path = SmartSearchEngine.swift; sourceTree = "<group>"; };
		F0CBF154060E0480B94A00AF /* LibraryGridView+iPad.swift */ = {isa = PBXFileReference; lastKnownFileType = sourcecode.swift; path = "LibraryGridView+iPad.swift"; sourceTree = "<group>"; };
		F1034CE4BF4E6816556BECA1 /* JSSourceProxy.swift */ = {isa = PBXFileReference; lastKnownFileType = sourcecode.swift; path = JSSourceProxy.swift; sourceTree = "<group>"; };

		F2981836EA4715D5563185AB /* SourcePreferencesScreen.swift */ = {isa = PBXFileReference; lastKnownFileType = sourcecode.swift; path = SourcePreferencesScreen.swift; sourceTree = "<group>"; };
		F2ACC1D25954692E7A782EB7 /* ChapterTransitionView.swift */ = {isa = PBXFileReference; lastKnownFileType = sourcecode.swift; path = ChapterTransitionView.swift; sourceTree = "<group>"; };
		F2EE5E147A9512CB8F8024C3 /* CryptoKit.framework */ = {isa = PBXFileReference; lastKnownFileType = wrapper.framework; name = CryptoKit.framework; path = System/Library/Frameworks/CryptoKit.framework; sourceTree = SDKROOT; };
		F37345EAAAB10C70155C92BE /* MihonWidgetExtension.appex */ = {isa = PBXFileReference; includeInIndex = 0; lastKnownFileType = "wrapper.app-extension"; path = MihonWidgetExtension.appex; sourceTree = BUILT_PRODUCTS_DIR; };
		F807069BA03847CAEDCC32DA /* ExtensionDetailScreen.swift */ = {isa = PBXFileReference; lastKnownFileType = sourcecode.swift; path = ExtensionDetailScreen.swift; sourceTree = "<group>"; };
		F82C470F96FC754B9598E2F6 /* ReaderPageViewController.swift */ = {isa = PBXFileReference; lastKnownFileType = sourcecode.swift; path = ReaderPageViewController.swift; sourceTree = "<group>"; };
		F9AED01DA21E52CF9F114AC6 /* ALOAuth.swift */ = {isa = PBXFileReference; lastKnownFileType = sourcecode.swift; path = ALOAuth.swift; sourceTree = "<group>"; };
		FC61B6DB21866EB0F2589FB6 /* DeleteExtensionRepo.swift */ = {isa = PBXFileReference; lastKnownFileType = sourcecode.swift; path = DeleteExtensionRepo.swift; sourceTree = "<group>"; };
		FEA6D64E420FD39FF98C1B1D /* TrackSheetViewModel.swift */ = {isa = PBXFileReference; lastKnownFileType = sourcecode.swift; path = TrackSheetViewModel.swift; sourceTree = "<group>"; };
		FF25B09F6FF59140B0A8AB56 /* MainView.swift */ = {isa = PBXFileReference; lastKnownFileType = sourcecode.swift; path = MainView.swift; sourceTree = "<group>"; };
		FF39D750C71840EA3802EE65 /* PageLoader.swift */ = {isa = PBXFileReference; lastKnownFileType = sourcecode.swift; path = PageLoader.swift; sourceTree = "<group>"; };
/* End PBXFileReference section */

/* Begin PBXFrameworksBuildPhase section */
		BD1995C39CF1822DE709A59A /* Frameworks */ = {
			isa = PBXFrameworksBuildPhase;
			buildActionMask = 2147483647;
			files = (
				0B67D26E6FC444B1F59E0619 /* MihonDomain in Frameworks */,
				79F613D12D5D87D5A2AE5FD2 /* MihonData in Frameworks */,
				9EBB855097355BEC2CA9852C /* MihonCore in Frameworks */,
				5A482EE7299E99C2FA453C34 /* MihonSourceAPI in Frameworks */,
				F6A50DA1C0FC0CAC3D58E048 /* MihonSourceLocal in Frameworks */,
				09D7091025A6A66AC4D69289 /* MihonUI in Frameworks */,
				4F0512564AF59916B60EAB10 /* MihonI18n in Frameworks */,
				0E1288C87C153C2E8FB1CCD4 /* AuthenticationServices.framework in Frameworks */,
				ADDB9C272E77E0EF3929ED9B /* LocalAuthentication.framework in Frameworks */,
				6AB7463A26E6F5FAE4628FAA /* AVFoundation.framework in Frameworks */,
				74147804132B0326735C85D7 /* MediaPlayer.framework in Frameworks */,
				6C4FD9B54BB0750136CDE882 /* CryptoKit.framework in Frameworks */,
				32AF2A151B77CEF594202534 /* SwiftSoup in Frameworks */,
			);
			runOnlyForDeploymentPostprocessing = 0;
		};
		C65F773A025C8FCB5A895927 /* Frameworks */ = {
			isa = PBXFrameworksBuildPhase;
			buildActionMask = 2147483647;
			files = (
				4066625CA3F3022C2DE495AB /* MihonDomain in Frameworks */,
			);
			runOnlyForDeploymentPostprocessing = 0;
		};
/* End PBXFrameworksBuildPhase section */

/* Begin PBXGroup section */
		041496C2E2E885F8F8440E60 /* MihonApp */ = {
			isa = PBXGroup;
			children = (
				8E7E8DD26233D9F449D2AB12 /* App */,
				321535B40620AF458276C1EA /* Backup */,
				DB3EDFE2DAE91114757E614B /* Cache */,
				C729AA39F597269D1D204C38 /* Download */,
				9127D22E1B12A47C2C7D2A5B /* Navigation */,
				6E76DFB90C1D21C5AD884145 /* Network */,
				E19598AAEC67D4D245485595 /* Notification */,
				CE2C2F4D91C0BC27A028DB5B /* Resources */,
				240324A9D21CCF064A1F380F /* Security */,
				820FFBF97EB633B990D8F6F1 /* Source */,
				864206E8DF424C6A8BFE3458 /* Track */,
				7F94201FBE1D7D187A3DC71A /* UI */,
				ACBF2D65A2628539658D9FD8 /* Widget */,
			);
			path = MihonApp;
			sourceTree = "<group>";
		};
		12B143597FC3DF256D308BDC /* Image */ = {
			isa = PBXGroup;
			children = (
				266AB31D1D5BC8ACE10A81D8 /* ColorFilter.swift */,
				68F05CE0872B1D418252D897 /* ImageSplitter.swift */,
				77ACC8C9F90DC7C96D4D4953 /* LargeImageView.swift */,
			);
			path = Image;
			sourceTree = "<group>";
		};
		14E75B7D62C657EB42313B7A /* SourcesTab */ = {
			isa = PBXGroup;
			children = (
				D804A3BA484DFE12E1C060AB /* BrowseSourceScreen.swift */,
				148563D78D03B9D2ED8FBC0A /* SourceFilterSheet.swift */,
				F2981836EA4715D5563185AB /* SourcePreferencesScreen.swift */,
				1BF08737657AF290FBEED81B /* SourcesListScreen.swift */,
			);
			path = SourcesTab;
			sourceTree = "<group>";
		};
		1ADAFEBACD4A65F7A58B5DCB /* Shikimori */ = {
			isa = PBXGroup;
			children = (
			);
			path = Shikimori;
			sourceTree = "<group>";
		};
		1DFD7BCBD951A42F1012D411 /* MigrationTab */ = {
			isa = PBXGroup;
			children = (
				020695D354B10C2CBAEA1F01 /* MigrationMangaListScreen.swift */,
				E89F34760952F9FC0E2FD17F /* MigrationSearchScreen.swift */,
				3A14915D5DAC8AE065F69673 /* MigrationSourcesScreen.swift */,
				441FFE676810F79356A42132 /* MigrationViewModel.swift */,
				EE98E10C5E212FA2A095C77B /* SmartSearchEngine.swift */,
			);
			path = MigrationTab;
			sourceTree = "<group>";
		};
		22FAA46657F36F44C0C2348E /* ExtensionsTab */ = {
			isa = PBXGroup;
			children = (
				F807069BA03847CAEDCC32DA /* ExtensionDetailScreen.swift */,
				E38BC21918807074513F802E /* ExtensionListScreen.swift */,
			);
			path = ExtensionsTab;
			sourceTree = "<group>";
		};
		23D9515F186C66A826E5F122 /* Downloads */ = {
			isa = PBXGroup;
			children = (
			);
			path = Downloads;
			sourceTree = "<group>";
		};
		240324A9D21CCF064A1F380F /* Security */ = {
			isa = PBXGroup;
			children = (
				932D6A8F879461A44231B50B /* AppLockManager.swift */,
				41D0B0B54658FDCC75A44F66 /* AppLockView.swift */,
				4AE539B146DEFA8FFDE2A06C /* IncognitoManager.swift */,
				11703A1A9D27BF65A67138AF /* SecureScreenModifier.swift */,
			);
			path = Security;
			sourceTree = "<group>";
		};
		2463E3C7F89AE33CC9DF2100 /* Navigation */ = {
			isa = PBXGroup;
			children = (
				12A859B02F6C4466F3E2D522 /* ViewerNavigation.swift */,
			);
			path = Navigation;
			sourceTree = "<group>";
		};
		274A57B6D08BF04A573A0093 /* Komga */ = {
			isa = PBXGroup;
			children = (
			);
			path = Komga;
			sourceTree = "<group>";
		};
		2AF6792BAABF55F6E8A65CD6 /* Track */ = {
			isa = PBXGroup;
			children = (
				D3B1231E91C10EA314313210 /* TrackerLoginSheet.swift */,
				254BB8C78AB6DDC208862B3B /* TrackSearchSheet.swift */,
				0C16E44CCEE62925A84C7629 /* TrackSheet.swift */,
				FEA6D64E420FD39FF98C1B1D /* TrackSheetViewModel.swift */,
			);
			path = Track;
			sourceTree = "<group>";
		};
		2B0FCE1032A5FD7CB13718EC /* Scraping */ = {
			isa = PBXGroup;
			children = (
				2AB8C5F783ABBB3A4E405EB8 /* ParsedHttpSource.swift */,
				FF9E7B7BBFED449DAE4339AB /* DebugLogger.swift */,
				D02E62A93A67422EA0E3F1A1 /* LZString.swift */,
			);
			path = Scraping;
			sourceTree = "<group>";
		};
		2C9699CC13627177DCF7C3F6 /* Statistics */ = {
			isa = PBXGroup;
			children = (
				40FD2D8D9ED5FF07E32D9594 /* StatisticsScreen.swift */,
			);
			path = Statistics;
			sourceTree = "<group>";
		};
		2F844AC7D49757655A9C6A0D /* Kitsu */ = {
			isa = PBXGroup;
			children = (
			);
			path = Kitsu;
			sourceTree = "<group>";
		};
		31022D9B671D26E845ADF36D /* Middleware */ = {
			isa = PBXGroup;
			children = (
			);
			path = Middleware;
			sourceTree = "<group>";
		};
		321535B40620AF458276C1EA /* Backup */ = {
			isa = PBXGroup;
			children = (
				D7759D190A8EB10299F8F734 /* {BackupModels} */,
				A876B12A3C46105BF1CDDE86 /* AutoBackupManager.swift */,
				954B0501BFCD81C4876232E4 /* BackupCreator.swift */,
				9F87B31234F66867FE53F7BC /* BackupModels.swift */,
				C7DACE34AD921854F4C75EED /* BackupRestorer.swift */,
			);
			path = Backup;
			sourceTree = "<group>";
		};
		328D4962FF36B84457355D21 /* History */ = {
			isa = PBXGroup;
			children = (
				91D75E53A7A56C06E20A2FBB /* HistoryScreen.swift */,
			);
			path = History;
			sourceTree = "<group>";
		};
		3332164DDEC6A4F7D8C86F02 /* Updates */ = {
			isa = PBXGroup;
			children = (
				84097527B69B257313EB6243 /* UpcomingScreen.swift */,
				878C49B03C8E5D85E086306C /* UpdatesScreen.swift */,
			);
			path = Updates;
			sourceTree = "<group>";
		};
		3686992470A5221EE1AB6F14 /* Settings */ = {
			isa = PBXGroup;
			children = (
				78F680AD593EBE6AB7B8549A /* ReaderSettingsSheet.swift */,
			);
			path = Settings;
			sourceTree = "<group>";
		};
		3EC2454B611E170C10C90FDC /* MyAnimeList */ = {
			isa = PBXGroup;
			children = (
				5379E16E4003D66465ED8B47 /* MALOAuth.swift */,
				ADB688D7C1757EE79AB5816C /* MyAnimeListApi.swift */,
				A6138874A525E505F2DFC46D /* MyAnimeListTracker.swift */,
			);
			path = MyAnimeList;
			sourceTree = "<group>";
		};
		4044ACF9F860E633A98DD23C /* WebView */ = {
			isa = PBXGroup;
			children = (
				B1C2D3E4F5A6B7C8D9E0F1A2 /* CloudflareWebView.swift */,
			);
			path = WebView;
			sourceTree = "<group>";
		};
		46DB84274DB93A7263B63679 /* Library */ = {
			isa = PBXGroup;
			children = (
				06007C1B0BF2892AE665CCD9 /* CategoryManagementSheet.swift */,
				FB03B61B3093199535E42812 /* CategoryPickerSheet.swift */,
				6322FFC431B52ED13705C68E /* LibraryGridView.swift */,
				F0CBF154060E0480B94A00AF /* LibraryGridView+iPad.swift */,
				637CA59D072BEE86218FE49B /* LibraryListView.swift */,
				AD808C8B0B511B658D5F99C2 /* LibraryScreen.swift */,
				41AD38337EBD591FDBA83F18 /* LibrarySettingsSheet.swift */,
				0E4344E8025A3DF9FF0AD3D5 /* LibraryViewModel.swift */,
			);
			path = Library;
			sourceTree = "<group>";
		};
		4804771A449C1236B6C68654 /* MangaUpdates */ = {
			isa = PBXGroup;
			children = (
			);
			path = MangaUpdates;
			sourceTree = "<group>";
		};
		4C9D1926327DD23221511066 /* Reader */ = {
			isa = PBXGroup;
			children = (
				12B143597FC3DF256D308BDC /* Image */,
				2463E3C7F89AE33CC9DF2100 /* Navigation */,
				DCB73101938DD6B2ADE6E81B /* PageLoader */,
				3686992470A5221EE1AB6F14 /* Settings */,
				D321EF10A52BF38B05BB6571 /* Viewer */,
				D16C767BEA5537B6F2FC55BC /* ReaderContainerView.swift */,
				C420CA8623E59A1D870AAD1E /* ReaderViewModel.swift */,
				8AE4958BCB0F621F0CA2A941 /* VolumeButtonHandler.swift */,
			);
			path = Reader;
			sourceTree = "<group>";
		};
		4FD7AC2622603295FD4BAADC /* GlobalSearch */ = {
			isa = PBXGroup;
			children = (
				6720C2179C78443232D839FC /* GlobalSearchScreen.swift */,
			);
			path = GlobalSearch;
			sourceTree = "<group>";
		};
		5B60E0428DB4EE3192699D69 /* Interactor */ = {
			isa = PBXGroup;
			children = (
				25276DA714D5256FDA542029 /* CreateExtensionRepo.swift */,
				FC61B6DB21866EB0F2589FB6 /* DeleteExtensionRepo.swift */,
				53508DAD66EB031FC24BAB60 /* GetExtensionRepos.swift */,
			);
			path = Interactor;
			sourceTree = "<group>";
		};
		5CEEF17802661414C1E30BD3 /* Main */ = {
			isa = PBXGroup;
			children = (
				FF25B09F6FF59140B0A8AB56 /* MainView.swift */,
				57BDFC84FD6C69AD109CF379 /* MainView+iPad.swift */,
			);
			path = Main;
			sourceTree = "<group>";
		};
		5E161DC7902A1D6C34F92094 /* MAL */ = {
			isa = PBXGroup;
			children = (
			);
			path = MAL;
			sourceTree = "<group>";
		};
		6D7DC8A822E52DEDDFD2F233 /* MangaDetail */ = {
			isa = PBXGroup;
			children = (
				5E20695C11EE69E33E40EF5E /* ChapterFilterSheet.swift */,
				6F912EDAAE53F51E47D2EE1E /* ChapterRow.swift */,
				52EAA38BB390DD196C4E95F6 /* MangaDescriptionSection.swift */,
				D3C8A47E73275573E810D4FF /* MangaDetailIPadLayout.swift */,
				25269551B5C9BF98695CD99D /* MangaDetailScreen.swift */,
				B7961393247E6166BF542906 /* MangaDetailViewModel.swift */,
				7B621A9F96B4527E3D073304 /* MangaGenresSection.swift */,
				DDE5A061C57974D1A77575C9 /* MangaInfoHeader.swift */,
				D999E7E4F2F439596E2AD99F /* MangaNotesSheet.swift */,
				88709C9F2C79D28EDF93BF6D /* ScanlatorFilterSheet.swift */,
			);
			path = MangaDetail;
			sourceTree = "<group>";
		};
		6E76DFB90C1D21C5AD884145 /* Network */ = {
			isa = PBXGroup;
			children = (
				31022D9B671D26E845ADF36D /* Middleware */,
			);
			path = Network;
			sourceTree = "<group>";
		};
		6F23B6F45AB2B3C3FC14B912 /* About */ = {
			isa = PBXGroup;
			children = (
				D90AC57921119F60896BDAE5 /* AboutScreen.swift */,
			);
			path = About;
			sourceTree = "<group>";
		};
		7F1ACDE0AC47F1984C8CDCDA /* Products */ = {
			isa = PBXGroup;
			children = (
				2D587D9682641A573A1D6CE9 /* MihonApp.app */,
				F37345EAAAB10C70155C92BE /* MihonWidgetExtension.appex */,
			);
			name = Products;
			sourceTree = "<group>";
		};
		7F94201FBE1D7D187A3DC71A /* UI */ = {
			isa = PBXGroup;
			children = (
				D49D42EEA83DC25CFF6E699B /* Backup */,
				FDBE79AF67E82C06AB3EE78D /* Browse */,
				328D4962FF36B84457355D21 /* History */,
				46DB84274DB93A7263B63679 /* Library */,
				5CEEF17802661414C1E30BD3 /* Main */,
				6D7DC8A822E52DEDDFD2F233 /* MangaDetail */,
				952EDD92A164306876759762 /* More */,
				C971AC6B2310F98D1555A0BA /* Onboarding */,
				4C9D1926327DD23221511066 /* Reader */,
				C75F975E8E6A88DEE500BED3 /* Settings */,
				2AF6792BAABF55F6E8A65CD6 /* Track */,
				3332164DDEC6A4F7D8C86F02 /* Updates */,
				4044ACF9F860E633A98DD23C /* WebView */,
			);
			path = UI;
			sourceTree = "<group>";
		};
		820FFBF97EB633B990D8F6F1 /* Source */ = {
			isa = PBXGroup;
			children = (
				5B60E0428DB4EE3192699D69 /* Interactor */,
				D9B5E047DB904E3B239C42C6 /* JSPlugin */,
				2B0FCE1032A5FD7CB13718EC /* Scraping */,
				9DA7697B726E0A7799C75D2A /* ExtensionManager.swift */,
				ED3BDF93A803918B52390B44 /* ExtensionRepoService.swift */,
				5E2D189F8CAE82100783C521 /* SourceManager.swift */,
				8DC1F296647A369498306F53 /* StubCatalogueSource.swift */,
			);
			path = Source;
			sourceTree = "<group>";
		};
		864206E8DF424C6A8BFE3458 /* Track */ = {
			isa = PBXGroup;
			children = (
				9B24371A24745E710F135142 /* AniList */,
				86C18FCB92C343042C7BE7F2 /* Bangumi */,
				D5768FBFA24622CC9B2254FE /* Kavita */,
				2F844AC7D49757655A9C6A0D /* Kitsu */,
				274A57B6D08BF04A573A0093 /* Komga */,
				5E161DC7902A1D6C34F92094 /* MAL */,
				4804771A449C1236B6C68654 /* MangaUpdates */,
				3EC2454B611E170C10C90FDC /* MyAnimeList */,
				1ADAFEBACD4A65F7A58B5DCB /* Shikimori */,
				8678F96F8ABFD89FC2F9AF96 /* Suwayomi */,
				316D024DCC4CF64E180B3611 /* Tracker.swift */,
				6ADD5C2908F7C2504B6D44DC /* TrackerManager.swift */,
			);
			path = Track;
			sourceTree = "<group>";
		};
		8678F96F8ABFD89FC2F9AF96 /* Suwayomi */ = {
			isa = PBXGroup;
			children = (
			);
			path = Suwayomi;
			sourceTree = "<group>";
		};
		86C18FCB92C343042C7BE7F2 /* Bangumi */ = {
			isa = PBXGroup;
			children = (
			);
			path = Bangumi;
			sourceTree = "<group>";
		};
		8CC87CD932D858A61F312B0B /* Frameworks */ = {
			isa = PBXGroup;
			children = (
				5D241FE8178DB146998C348D /* AuthenticationServices.framework */,
				2766A264FE402CA60CCD00CB /* AVFoundation.framework */,
				F2EE5E147A9512CB8F8024C3 /* CryptoKit.framework */,
				7EB408B77D1D490F8806E828 /* LocalAuthentication.framework */,
				9A8A7DB52E2DE66B29F5AF51 /* MediaPlayer.framework */,
			);
			name = Frameworks;
			sourceTree = "<group>";
		};
		8E7E8DD26233D9F449D2AB12 /* App */ = {
			isa = PBXGroup;
			children = (
				635FEED4785D759402514B4E /* DIContainer.swift */,
				80FAC8A0FFDC7E29D3BDC8D2 /* MihonApp.swift */,
			);
			path = App;
			sourceTree = "<group>";
		};
		91250673F613C40FC8552162 = {
			isa = PBXGroup;
			children = (
				041496C2E2E885F8F8440E60 /* MihonApp */,
				B6F5E1CEEFA314959486322E /* MihonWidgetExtension */,
				AFABF4488D4B7D9DB46D5B2F /* Packages */,
				8CC87CD932D858A61F312B0B /* Frameworks */,
				7F1ACDE0AC47F1984C8CDCDA /* Products */,
			);
			sourceTree = "<group>";
		};
		9127D22E1B12A47C2C7D2A5B /* Navigation */ = {
			isa = PBXGroup;
			children = (
				B97A79431C427047B79CED22 /* DeepLinkHandler.swift */,
			);
			path = Navigation;
			sourceTree = "<group>";
		};
		952EDD92A164306876759762 /* More */ = {
			isa = PBXGroup;
			children = (
				6F23B6F45AB2B3C3FC14B912 /* About */,
				23D9515F186C66A826E5F122 /* Downloads */,
				2C9699CC13627177DCF7C3F6 /* Statistics */,
				E4F332CD2AA414539DF8F4A3 /* MoreScreen.swift */,
			);
			path = More;
			sourceTree = "<group>";
		};
		9B24371A24745E710F135142 /* AniList */ = {
			isa = PBXGroup;
			children = (
				F9AED01DA21E52CF9F114AC6 /* ALOAuth.swift */,
				E866E4A33D93066F7B911149 /* AniListApi.swift */,
				DD1DF6EAA27660B6DAA6C5B7 /* AniListTracker.swift */,
			);
			path = AniList;
			sourceTree = "<group>";
		};
		ACBF2D65A2628539658D9FD8 /* Widget */ = {
			isa = PBXGroup;
			children = (
			);
			path = Widget;
			sourceTree = "<group>";
		};
		AFABF4488D4B7D9DB46D5B2F /* Packages */ = {
			isa = PBXGroup;
			children = (
				88B98483812199885C984127 /* MihonCore */,
				50821FF9064E78AA599E0B58 /* MihonData */,
				5CAA84D03131F3670B351A7B /* MihonDomain */,
				49ADA82EA743086FF66629F3 /* MihonI18n */,
				4111E1BA0971EFC9D2686F1C /* MihonSourceAPI */,
				7977AAFF7313D886478C9935 /* MihonSourceLocal */,
				DAB565B1B2C0B8156E296A83 /* MihonUI */,
			);
			path = Packages;
			sourceTree = "<group>";
		};
		B6F5E1CEEFA314959486322E /* MihonWidgetExtension */ = {
			isa = PBXGroup;
			children = (
				4C8D7FA720876A9286C465F7 /* LibraryWidget.swift */,
				C9C1586E5B601740F430947E /* MihonWidgetBundle.swift */,
				DD4DA25B810F470AA4B5F397 /* MihonWidgetExtension.entitlements */,
				AADEDBBF91CE88FEAAA2A85D /* RecentUpdatesWidget.swift */,
				B126BE334CFBEDD7A1E7CB59 /* TimelineProviders.swift */,
				5E3833B7C69D2F7FC6788653 /* WidgetModels.swift */,
				0FE7DA2CA538921207F01E6B /* WidgetViews.swift */,
			);
			path = MihonWidgetExtension;
			sourceTree = "<group>";
		};
		C729AA39F597269D1D204C38 /* Download */ = {
			isa = PBXGroup;
			children = (
				B9FCC68ECD305C42E89D8C1F /* DownloadCache.swift */,
				81242A617782C969C7B9484E /* DownloadManager.swift */,
				E99C3B30CD294EC36D69691B /* DownloadQueueScreen.swift */,
			);
			path = Download;
			sourceTree = "<group>";
		};
		C75F975E8E6A88DEE500BED3 /* Settings */ = {
			isa = PBXGroup;
			children = (
				A30F18A40B7F916C1B4FF3E0 /* AmoledDarkModifier.swift */,
				7C61F9422F208B8752D86F9D /* SettingsAdvancedScreen.swift */,
				B9B756511FFF260C7669F36D /* SettingsAppearanceScreen.swift */,
				669F3CC66D28067E8B23EF82 /* SettingsBackupScreen.swift */,
				B2B2A2A5BC63CA1DB8418B3E /* SettingsBrowseScreen.swift */,
				9F99ABC3374DD7576F8D2AEC /* SettingsDownloadsScreen.swift */,
				EA352313DC7453EA6AD4BDA0 /* SettingsGeneralScreen.swift */,
				87EE62D913E38A96D553A62D /* SettingsKeys.swift */,
				75C930747E935B12CBFAB433 /* SettingsLibraryScreen.swift */,
				5E3555BE518EA1A42FAC9221 /* SettingsReaderScreen.swift */,
				14AD175AB87FE2F7F3DF6279 /* SettingsScreen.swift */,
				11514A5F1196017B02EB35B2 /* SettingsSecurityScreen.swift */,
				A58A7FB7949413A6E2BE8434 /* SettingsTrackingScreen.swift */,
			);
			path = Settings;
			sourceTree = "<group>";
		};
		C971AC6B2310F98D1555A0BA /* Onboarding */ = {
			isa = PBXGroup;
			children = (
				69D9060CC670005656FBE552 /* OnboardingScreen.swift */,
			);
			path = Onboarding;
			sourceTree = "<group>";
		};
		CE2C2F4D91C0BC27A028DB5B /* Resources */ = {
			isa = PBXGroup;
			children = (
				7C026C3A9A3934586694762C /* Assets.xcassets */,
			);
			path = Resources;
			sourceTree = "<group>";
		};
		D27D6627E603E037A754F228 /* Webtoon */ = {
			isa = PBXGroup;
			children = (
				48EBB6237443364F5B4B4794 /* WebtoonReaderView.swift */,
			);
			path = Webtoon;
			sourceTree = "<group>";
		};
		D321EF10A52BF38B05BB6571 /* Viewer */ = {
			isa = PBXGroup;
			children = (
				E66910CD139947A2E5CBFE36 /* Pager */,
				D27D6627E603E037A754F228 /* Webtoon */,
				F2ACC1D25954692E7A782EB7 /* ChapterTransitionView.swift */,
			);
			path = Viewer;
			sourceTree = "<group>";
		};
		D49D42EEA83DC25CFF6E699B /* Backup */ = {
			isa = PBXGroup;
			children = (
				D4CB59B43A89E908F6216577 /* BackupScreen.swift */,
			);
			path = Backup;
			sourceTree = "<group>";
		};
		D5768FBFA24622CC9B2254FE /* Kavita */ = {
			isa = PBXGroup;
			children = (
			);
			path = Kavita;
			sourceTree = "<group>";
		};
		D7759D190A8EB10299F8F734 /* {BackupModels} */ = {
			isa = PBXGroup;
			children = (
			);
			path = "{BackupModels}";
			sourceTree = "<group>";
		};
		D9B5E047DB904E3B239C42C6 /* JSPlugin */ = {
			isa = PBXGroup;
			children = (
				5D6AB1F3A72D45B93500D93D /* JSBridge.swift */,
				F3E4D5C6B7A8091A2B3C4D5E /* JSDomLib.swift */,
				F1034CE4BF4E6816556BECA1 /* JSSourceProxy.swift */,
				A9685875CB612A12A3CF0266 /* PluginLoader.swift */,
				92EB227D01D12A76230DAA5B /* PluginVerifier.swift */,
			);
			path = JSPlugin;
			sourceTree = "<group>";
		};
		DB3EDFE2DAE91114757E614B /* Cache */ = {
			isa = PBXGroup;
			children = (
			);
			path = Cache;
			sourceTree = "<group>";
		};
		DCB73101938DD6B2ADE6E81B /* PageLoader */ = {
			isa = PBXGroup;
			children = (
				577FA36DAF557C5A90053C91 /* ArchivePageLoader.swift */,
				AA4DC1947B4738CF0AED70B3 /* DirectoryPageLoader.swift */,
				9E21D88A8619896AB586C1A5 /* DownloadPageLoader.swift */,
				D9E3CAB590B6E971F68F0C04 /* HttpPageLoader.swift */,
				FF39D750C71840EA3802EE65 /* PageLoader.swift */,
			);
			path = PageLoader;
			sourceTree = "<group>";
		};
		E19598AAEC67D4D245485595 /* Notification */ = {
			isa = PBXGroup;
			children = (
				5AB10AA04B34B21660127B23 /* NotificationManager.swift */,
			);
			path = Notification;
			sourceTree = "<group>";
		};
		E66910CD139947A2E5CBFE36 /* Pager */ = {
			isa = PBXGroup;
			children = (
				9D98686E13CE41B3F7E8EE0D /* DualPageReaderView.swift */,
				75A36B94A44C20B431A41DEE /* PagerReaderView.swift */,
				F82C470F96FC754B9598E2F6 /* ReaderPageViewController.swift */,
			);
			path = Pager;
			sourceTree = "<group>";
		};
		FDBE79AF67E82C06AB3EE78D /* Browse */ = {
			isa = PBXGroup;
			children = (
				22FAA46657F36F44C0C2348E /* ExtensionsTab */,
				4FD7AC2622603295FD4BAADC /* GlobalSearch */,
				1DFD7BCBD951A42F1012D411 /* MigrationTab */,
				14E75B7D62C657EB42313B7A /* SourcesTab */,
				E6CDDB2DF7870DDE5389379C /* BrowseScreen.swift */,
			);
			path = Browse;
			sourceTree = "<group>";
		};
/* End PBXGroup section */

/* Begin PBXNativeTarget section */
		7A6F8220CA6C3C906A857620 /* MihonWidgetExtension */ = {
			isa = PBXNativeTarget;
			buildConfigurationList = C89504AC1E6DECF83A62375C /* Build configuration list for PBXNativeTarget "MihonWidgetExtension" */;
			buildPhases = (
				16D4C9FACB9C78A29ED11631 /* Sources */,
				C65F773A025C8FCB5A895927 /* Frameworks */,
			);
			buildRules = (
			);
			dependencies = (
			);
			name = MihonWidgetExtension;
			packageProductDependencies = (
				406F78935A7F6D8779DCAE18 /* MihonDomain */,
			);
			productName = MihonWidgetExtension;
			productReference = F37345EAAAB10C70155C92BE /* MihonWidgetExtension.appex */;
			productType = "com.apple.product-type.app-extension";
		};
		9784501C05801E4ADC392874 /* MihonApp */ = {
			isa = PBXNativeTarget;
			buildConfigurationList = 5207FB8D4ED57C7819E03ED6 /* Build configuration list for PBXNativeTarget "MihonApp" */;
			buildPhases = (
				CC0F742619E47F7D00FF300B /* Sources */,
				F121B96E4C98D1D2FF0A53BB /* Resources */,
				BD1995C39CF1822DE709A59A /* Frameworks */,
			);
			buildRules = (
			);
			dependencies = (
			);
			name = MihonApp;
			packageProductDependencies = (
				AEFF2E43A817C2BDAF027B8F /* MihonDomain */,
				38FE9087F07169D0AB023684 /* MihonData */,
				AC37A3461E7833B5E9220A02 /* MihonCore */,
				716B342587206087FB2C6BB7 /* MihonSourceAPI */,
				BEEFD4CB20BB4C289E1CEF89 /* MihonSourceLocal */,
				4137740E51C2923410C69C0A /* MihonUI */,
				FBE67A9D081D3363289EFFFC /* MihonI18n */,
				B1F0900B68A17B6A3C8DD3B4 /* SwiftSoup */,
			);
			productName = MihonApp;
			productReference = 2D587D9682641A573A1D6CE9 /* MihonApp.app */;
			productType = "com.apple.product-type.application";
		};
/* End PBXNativeTarget section */

/* Begin PBXProject section */
		45EAF8004DC68CF551CC86B4 /* Project object */ = {
			isa = PBXProject;
			attributes = {
				BuildIndependentTargetsInParallel = YES;
				LastUpgradeCheck = 1630;
				TargetAttributes = {
					7A6F8220CA6C3C906A857620 = {
						DevelopmentTeam = 5UKY38ZLK6;
						ProvisioningStyle = Automatic;
					};
					9784501C05801E4ADC392874 = {
						DevelopmentTeam = 5UKY38ZLK6;
						ProvisioningStyle = Automatic;
					};
				};
			};
			buildConfigurationList = 14913EDBCD90EAFC6BE4F954 /* Build configuration list for PBXProject "MihonIOS" */;
			developmentRegion = en;
			hasScannedForEncodings = 0;
			knownRegions = (
				Base,
				en,
			);
			mainGroup = 91250673F613C40FC8552162;
			minimizedProjectReferenceProxies = 1;
			packageReferences = (
				FBA2FA9543A3FB4A3AE2474A /* XCRemoteSwiftPackageReference "SwiftSoup" */,
				0B07D39974B45B02BB6E1CD8 /* XCLocalSwiftPackageReference "Packages/MihonCore" */,
				A23338500418F559FE7AB669 /* XCLocalSwiftPackageReference "Packages/MihonData" */,
				CFBF85328E9E116177C3D1BD /* XCLocalSwiftPackageReference "Packages/MihonDomain" */,
				3FB2AF10BF8EF23F81A4658E /* XCLocalSwiftPackageReference "Packages/MihonI18n" */,
				4AF9ABA05006C59F6083D38D /* XCLocalSwiftPackageReference "Packages/MihonSourceAPI" */,
				91D851378ECF9550FF9187E7 /* XCLocalSwiftPackageReference "Packages/MihonSourceLocal" */,
				2C72584799A3627809060185 /* XCLocalSwiftPackageReference "Packages/MihonUI" */,
			);
			preferredProjectObjectVersion = 77;
			productRefGroup = 7F1ACDE0AC47F1984C8CDCDA /* Products */;
			projectDirPath = "";
			projectRoot = "";
			targets = (
				9784501C05801E4ADC392874 /* MihonApp */,
				7A6F8220CA6C3C906A857620 /* MihonWidgetExtension */,
			);
		};
/* End PBXProject section */

/* Begin PBXResourcesBuildPhase section */
		F121B96E4C98D1D2FF0A53BB /* Resources */ = {
			isa = PBXResourcesBuildPhase;
			buildActionMask = 2147483647;
			files = (
				5FD2A6FF0853A6A06F2A3FF6 /* Assets.xcassets in Resources */,
			);
			runOnlyForDeploymentPostprocessing = 0;
		};
/* End PBXResourcesBuildPhase section */

/* Begin PBXSourcesBuildPhase section */
		16D4C9FACB9C78A29ED11631 /* Sources */ = {
			isa = PBXSourcesBuildPhase;
			buildActionMask = 2147483647;
			files = (
				DE828C8018420B58A2B640EA /* LibraryWidget.swift in Sources */,
				F7A0110D695F7D107C1CCD4C /* MihonWidgetBundle.swift in Sources */,
				1DBAC26C9A356BACC4A711B4 /* RecentUpdatesWidget.swift in Sources */,
				C99031B6D228684FDC764D3A /* TimelineProviders.swift in Sources */,
				3F582E22D013C3271DCD0BF0 /* WidgetModels.swift in Sources */,
				1B0070F257A8ED528722109F /* WidgetViews.swift in Sources */,
			);
			runOnlyForDeploymentPostprocessing = 0;
		};
		CC0F742619E47F7D00FF300B /* Sources */ = {
			isa = PBXSourcesBuildPhase;
			buildActionMask = 2147483647;
			files = (
				7266C4CAA06A7D4D0583025D /* ALOAuth.swift in Sources */,
				7FAE1E1ADB3C3BB31058B0A2 /* AboutScreen.swift in Sources */,
				F8004423B2168DE135DC0A11 /* AmoledDarkModifier.swift in Sources */,
				EF988179CB84609210E4A0AB /* AniListApi.swift in Sources */,
				5E1EB06424031ADD6FDDB185 /* AniListTracker.swift in Sources */,
				C2EDF3058C88EF00FF1CD379 /* AppLockManager.swift in Sources */,
				1BEA02558F38489A0F48EC41 /* AppLockView.swift in Sources */,
				3AEC8D71EF6461DDA64EFD8D /* ArchivePageLoader.swift in Sources */,
				88F127E01A9020D72CAE6A99 /* AutoBackupManager.swift in Sources */,
				367C98DED00DFD7F25E73974 /* BackupCreator.swift in Sources */,
				C920706496F529C12E82A2FE /* BackupModels.swift in Sources */,
				13786DB50C84EAE946C50260 /* BackupRestorer.swift in Sources */,
				1916CC5666F87A4327779E12 /* BackupScreen.swift in Sources */,
				12815B9788910B123BB2DBD3 /* BrowseScreen.swift in Sources */,
				A8A0AFF8FB3B496345E7ACC9 /* BrowseSourceScreen.swift in Sources */,
				0D150A845C0BE385416138E1 /* SourceFilterSheet.swift in Sources */,
				2B204C79982DF87EE09694B9 /* CategoryManagementSheet.swift in Sources */,
				52B5B1F6D7246DDCD0FCF9BB /* CategoryPickerSheet.swift in Sources */,
				58A7613C224E61332CE4DD9F /* ChapterFilterSheet.swift in Sources */,
				E9799225D6C7D82772F3AA72 /* ChapterRow.swift in Sources */,
				D95501E821E16A0102C1A0B2 /* ChapterTransitionView.swift in Sources */,
				C3D4E5F6A7B8C9D0E1F2A3B4 /* CloudflareWebView.swift in Sources */,
				E05D81B49E41E334114113CD /* ColorFilter.swift in Sources */,
				AD4C9175CAFBFF6D3116FF84 /* CreateExtensionRepo.swift in Sources */,
				43B32CF6218D0DE57619F95E /* DIContainer.swift in Sources */,
				C09D09ABC7C7F44FD28E7CF2 /* DeepLinkHandler.swift in Sources */,
				0EBF7523936BEBB5CFB1269C /* DeleteExtensionRepo.swift in Sources */,
				25533A080E3E84B28E8CD4AA /* DirectoryPageLoader.swift in Sources */,
				2A978B7DB635C6ECC846D6C9 /* DownloadCache.swift in Sources */,
				01AFBE9C2B74E6DDD1ED0CC6 /* DownloadManager.swift in Sources */,
				E6A52DA915E2E2FF6F5D75A7 /* DownloadPageLoader.swift in Sources */,
				C99EC18827216BD0B640CEE2 /* DownloadQueueScreen.swift in Sources */,
				31C79731E39AC5B5F3171CFF /* DualPageReaderView.swift in Sources */,
				652FEBB12ED4E932FD90FCE3 /* ExtensionDetailScreen.swift in Sources */,
				211A7DF6A51112E11FEE55AE /* ExtensionListScreen.swift in Sources */,
				D869F48008166EA65E6D8DE9 /* ExtensionManager.swift in Sources */,
				0B852D518D77793705F7B055 /* ExtensionRepoService.swift in Sources */,
				2CD325A9C11AC5001BF305BD /* GetExtensionRepos.swift in Sources */,
				EBA53F645CE5A06087E187CC /* GlobalSearchScreen.swift in Sources */,
				4399E9748E6934337A4EEC7F /* HistoryScreen.swift in Sources */,
				91A697B22136E1B90D29B0C5 /* HttpPageLoader.swift in Sources */,
				B419CD9FD16CDD6233F022C6 /* ImageSplitter.swift in Sources */,
				E2EDE1CBA3846E9ECDDA101B /* IncognitoManager.swift in Sources */,
				F205C430186D248FE2B1D9F7 /* JSBridge.swift in Sources */,
				A1B2C3D4E5F6A7B8C9D0E1F2 /* JSDomLib.swift in Sources */,
				EF172DFEF41BD1784F964F94 /* JSSourceProxy.swift in Sources */,
				67354DBA3F9D4150AF2060B3 /* LargeImageView.swift in Sources */,
				67084352A6D64966CAE55BE1 /* LibraryGridView+iPad.swift in Sources */,
				EDB8BD2B2AF21E5FDCE29ECE /* LibraryGridView.swift in Sources */,
				373EC27A7DB0BFB866238B8E /* LibraryListView.swift in Sources */,
				403A7C04057245A18CC48319 /* LibraryScreen.swift in Sources */,
				9F1DB9E60B5E49995E8EF8FC /* LibrarySettingsSheet.swift in Sources */,
				31363E56FCE93CF51741EC23 /* LibraryViewModel.swift in Sources */,
				8EB7AD479F9D1CB85093DB2D /* MALOAuth.swift in Sources */,
				F06C3C85E22DE254B809181F /* MainView+iPad.swift in Sources */,
				9E38775DDF183E907592B0DF /* MainView.swift in Sources */,
				B590B5819A94264384A97A1D /* MangaDescriptionSection.swift in Sources */,
				82C19D5935519FD4FCA0AB44 /* MangaDetailIPadLayout.swift in Sources */,
				E3A3B806DC07B5F5906EC1FE /* MangaDetailScreen.swift in Sources */,
				178BC02A62FD3564AA5F5981 /* MangaDetailViewModel.swift in Sources */,
				33AF75FAAD9B4139801E742E /* MangaGenresSection.swift in Sources */,
				78CD1C1BCF7C495F9EC6B94D /* MangaInfoHeader.swift in Sources */,
				04595000A58713864B3F83E3 /* MangaNotesSheet.swift in Sources */,
				7EF529C531D63EADFF5F3084 /* MigrationMangaListScreen.swift in Sources */,
				06AD45076CD741C16D570BC8 /* MigrationSearchScreen.swift in Sources */,
				0F37E00BDCE92E87EEFF08BE /* MigrationSourcesScreen.swift in Sources */,
				987CF28589F0E62B4DBDBE41 /* MigrationViewModel.swift in Sources */,
				50BFE47F736B8AB4F0889FBE /* MihonApp.swift in Sources */,
				AE312E62D20CEB5053C15CE4 /* MoreScreen.swift in Sources */,
				B6611909EB736104D44D549E /* MyAnimeListApi.swift in Sources */,
				C242314E323F8919E64FA823 /* MyAnimeListTracker.swift in Sources */,
				7CC23EA88DB22680DEC2C401 /* NotificationManager.swift in Sources */,
				6CB2863FC53D4EAAC342F6BA /* OnboardingScreen.swift in Sources */,
				940F5340A204456B9D07C03D /* PageLoader.swift in Sources */,
				3B35D7945C0E9061745DDC08 /* PagerReaderView.swift in Sources */,
				502E3E8655BA8789091CA72A /* ParsedHttpSource.swift in Sources */,
				67DE69EEDEE24E49B56A1511 /* DebugLogger.swift in Sources */,
				A099BD4A72AF498DB5A36C00 /* LZString.swift in Sources */,
				5CFA13325B41D60033AFCFD5 /* PluginLoader.swift in Sources */,
				9650F2B02B1CB2EBD92EFAD6 /* PluginVerifier.swift in Sources */,
				384255170243386478C775FE /* ReaderContainerView.swift in Sources */,
				D7AD375DE67875512C69E7E9 /* ReaderPageViewController.swift in Sources */,
				AEA60E5C620783ECDFA4E37B /* ReaderSettingsSheet.swift in Sources */,
				7B6AE7F767491F8BA96CBADC /* ReaderViewModel.swift in Sources */,
				52E21164AF5C4E1E30A011B7 /* ScanlatorFilterSheet.swift in Sources */,
				B7405124F7EE733874F5F2A6 /* SecureScreenModifier.swift in Sources */,
				065CB493E7E9D7C9F177AE59 /* SettingsAdvancedScreen.swift in Sources */,
				5167439972E2D4D9AD32FDFC /* SettingsAppearanceScreen.swift in Sources */,
				0F2733F45B3AF38443D2F4D9 /* SettingsBackupScreen.swift in Sources */,
				7E008A77660187C978B88CB5 /* SettingsBrowseScreen.swift in Sources */,
				55AA93163014850EFDEC0788 /* SettingsDownloadsScreen.swift in Sources */,
				B56B00279033BBDBE27E5405 /* SettingsGeneralScreen.swift in Sources */,
				BF702A5714A8F4D102973260 /* SettingsKeys.swift in Sources */,
				E57359C9677CEF48FB287B38 /* SettingsLibraryScreen.swift in Sources */,
				5F9B6919706697F4D808D0BB /* SettingsReaderScreen.swift in Sources */,
				A62CAD498C5233F09FAAC46F /* SettingsScreen.swift in Sources */,
				A9467EC5AF4E55791E07B440 /* SettingsSecurityScreen.swift in Sources */,
				27BAB9311A206665A45DC66E /* SettingsTrackingScreen.swift in Sources */,
				FFA8A6ACACCB1AA58E91298F /* SmartSearchEngine.swift in Sources */,
				050B5878CA4DFA82489C4A74 /* SourceManager.swift in Sources */,
				E70270D3BF59F57E1502A3DE /* SourcePreferencesScreen.swift in Sources */,
				25D5FBDD032C8FA380C39C7B /* SourcesListScreen.swift in Sources */,
				93E0D3A5ADD4B763B4BEE7A9 /* StatisticsScreen.swift in Sources */,
				3FB74DD5FCA5C3AB8BFD2D84 /* StubCatalogueSource.swift in Sources */,
				6E2100D11B7B4DC7A8BF2361 /* TrackSearchSheet.swift in Sources */,
				0B1B7615E15FF58784E0F717 /* TrackSheet.swift in Sources */,
				B63401AE70E475CD1E906768 /* TrackSheetViewModel.swift in Sources */,
				20BE3CB0B4E756DAB5B83329 /* Tracker.swift in Sources */,
				F0A5DCDDCBBC5A1C341A6C9B /* TrackerLoginSheet.swift in Sources */,
				66FADDE718CF43603C62C800 /* TrackerManager.swift in Sources */,
				41486797DD804317259A9998 /* UpcomingScreen.swift in Sources */,
				8B1E18EFEE1730A83EFBBC1C /* UpdatesScreen.swift in Sources */,
				9C574A20A4C29884E419242C /* ViewerNavigation.swift in Sources */,
				5574CEEC6981793B157E6FAC /* VolumeButtonHandler.swift in Sources */,
				A9EC2CB9DC3A14877F1534F1 /* WebtoonReaderView.swift in Sources */,
			);
			runOnlyForDeploymentPostprocessing = 0;
		};
/* End PBXSourcesBuildPhase section */

/* Begin XCBuildConfiguration section */
		00543F00A90AD5C62E07677F /* Debug */ = {
			isa = XCBuildConfiguration;
			buildSettings = {
				ALWAYS_SEARCH_USER_PATHS = NO;
				CLANG_ANALYZER_NONNULL = YES;
				CLANG_ANALYZER_NUMBER_OBJECT_CONVERSION = YES_AGGRESSIVE;
				CLANG_CXX_LANGUAGE_STANDARD = "gnu++14";
				CLANG_CXX_LIBRARY = "libc++";
				CLANG_ENABLE_MODULES = YES;
				CLANG_ENABLE_OBJC_ARC = YES;
				CLANG_ENABLE_OBJC_WEAK = YES;
				CLANG_WARN_BLOCK_CAPTURE_AUTORELEASING = YES;
				CLANG_WARN_BOOL_CONVERSION = YES;
				CLANG_WARN_COMMA = YES;
				CLANG_WARN_CONSTANT_CONVERSION = YES;
				CLANG_WARN_DEPRECATED_OBJC_IMPLEMENTATIONS = YES;
				CLANG_WARN_DIRECT_OBJC_ISA_USAGE = YES_ERROR;
				CLANG_WARN_DOCUMENTATION_COMMENTS = YES;
				CLANG_WARN_EMPTY_BODY = YES;
				CLANG_WARN_ENUM_CONVERSION = YES;
				CLANG_WARN_INFINITE_RECURSION = YES;
				CLANG_WARN_INT_CONVERSION = YES;
				CLANG_WARN_NON_LITERAL_NULL_CONVERSION = YES;
				CLANG_WARN_OBJC_IMPLICIT_RETAIN_SELF = YES;
				CLANG_WARN_OBJC_LITERAL_CONVERSION = YES;
				CLANG_WARN_OBJC_ROOT_CLASS = YES_ERROR;
				CLANG_WARN_QUOTED_INCLUDE_IN_FRAMEWORK_HEADER = YES;
				CLANG_WARN_RANGE_LOOP_ANALYSIS = YES;
				CLANG_WARN_STRICT_PROTOTYPES = YES;
				CLANG_WARN_SUSPICIOUS_MOVE = YES;
				CLANG_WARN_UNGUARDED_AVAILABILITY = YES_AGGRESSIVE;
				CLANG_WARN_UNREACHABLE_CODE = YES;
				CLANG_WARN__DUPLICATE_METHOD_MATCH = YES;
				CODE_SIGN_STYLE = Automatic;
				COPY_PHASE_STRIP = NO;
				DEBUG_INFORMATION_FORMAT = dwarf;
				DEVELOPMENT_TEAM = 5UKY38ZLK6;
				ENABLE_STRICT_OBJC_MSGSEND = YES;
				ENABLE_TESTABILITY = YES;
				GCC_C_LANGUAGE_STANDARD = gnu11;
				GCC_DYNAMIC_NO_PIC = NO;
				GCC_NO_COMMON_BLOCKS = YES;
				GCC_OPTIMIZATION_LEVEL = 0;
				GCC_PREPROCESSOR_DEFINITIONS = (
					"$(inherited)",
					"DEBUG=1",
				);
				GCC_WARN_64_TO_32_BIT_CONVERSION = YES;
				GCC_WARN_ABOUT_RETURN_TYPE = YES_ERROR;
				GCC_WARN_UNDECLARED_SELECTOR = YES;
				GCC_WARN_UNINITIALIZED_AUTOS = YES_AGGRESSIVE;
				GCC_WARN_UNUSED_FUNCTION = YES;
				GCC_WARN_UNUSED_VARIABLE = YES;
				IPHONEOS_DEPLOYMENT_TARGET = 16.0;
				MTL_ENABLE_DEBUG_INFO = INCLUDE_SOURCE;
				MTL_FAST_MATH = YES;
				ONLY_ACTIVE_ARCH = YES;
				PRODUCT_NAME = "$(TARGET_NAME)";
				SDKROOT = iphoneos;
				SWIFT_ACTIVE_COMPILATION_CONDITIONS = DEBUG;
				SWIFT_OPTIMIZATION_LEVEL = "-Onone";
				SWIFT_VERSION = 5.10;
			};
			name = Debug;
		};
		056E054E86C5D85933D76305 /* Release */ = {
			isa = XCBuildConfiguration;
			buildSettings = {
				ASSETCATALOG_COMPILER_APPICON_NAME = AppIcon;
				ASSETCATALOG_COMPILER_GLOBAL_ACCENT_COLOR_NAME = AccentColor;
				CODE_SIGN_IDENTITY = "iPhone Developer";
				CURRENT_PROJECT_VERSION = 1;
				GENERATE_INFOPLIST_FILE = YES;
				INFOPLIST_GENERATION_MODE = GeneratedByXcode;
				INFOPLIST_KEY_CFBundleDisplayName = Shinsou;
				INFOPLIST_KEY_NSFaceIDUsageDescription = "Unlock Mihon with Face ID";
				INFOPLIST_KEY_NSPhotoLibraryAddUsageDescription = "Save manga covers to your photo library";
				INFOPLIST_KEY_UIApplicationSceneManifest_Generation = YES;
				INFOPLIST_KEY_UIApplicationSupportsIndirectInputEvents = YES;
				INFOPLIST_KEY_UILaunchScreen_Generation = YES;
				INFOPLIST_KEY_UISupportedInterfaceOrientations_iPad = "UIInterfaceOrientationPortrait UIInterfaceOrientationPortraitUpsideDown UIInterfaceOrientationLandscapeLeft UIInterfaceOrientationLandscapeRight";
				INFOPLIST_KEY_UISupportedInterfaceOrientations_iPhone = "UIInterfaceOrientationPortrait UIInterfaceOrientationLandscapeLeft UIInterfaceOrientationLandscapeRight";
				LD_RUNPATH_SEARCH_PATHS = (
					"$(inherited)",
					"@executable_path/Frameworks",
				);
				MARKETING_VERSION = 1.0.0;
				PRODUCT_BUNDLE_IDENTIFIER = dev.mihon.ios;
				PRODUCT_NAME = Shinsou;
				SDKROOT = iphoneos;
				SWIFT_EMIT_LOC_STRINGS = YES;
				TARGETED_DEVICE_FAMILY = "1,2";
			};
			name = Release;
		};
		1CC9AC4522D241E82735F40A /* Release */ = {
			isa = XCBuildConfiguration;
			buildSettings = {
				CODE_SIGN_ENTITLEMENTS = MihonWidgetExtension/MihonWidgetExtension.entitlements;
				CURRENT_PROJECT_VERSION = 1;
				GENERATE_INFOPLIST_FILE = YES;
				INFOPLIST_GENERATION_MODE = GeneratedByXcode;
				INFOPLIST_KEY_CFBundleDisplayName = "Shinsou Widget";
				LD_RUNPATH_SEARCH_PATHS = (
					"$(inherited)",
					"@executable_path/Frameworks",
					"@executable_path/../../Frameworks",
				);
				MARKETING_VERSION = 1.0.0;
				PRODUCT_BUNDLE_IDENTIFIER = dev.mihon.ios.widget;
				PRODUCT_NAME = MihonWidgetExtension;
				SDKROOT = iphoneos;
				SWIFT_EMIT_LOC_STRINGS = YES;
				TARGETED_DEVICE_FAMILY = "1,2";
			};
			name = Release;
		};
		486AAFED0C8B2239E2490A3F /* Debug */ = {
			isa = XCBuildConfiguration;
			buildSettings = {
				CODE_SIGN_ENTITLEMENTS = MihonWidgetExtension/MihonWidgetExtension.entitlements;
				CURRENT_PROJECT_VERSION = 1;
				GENERATE_INFOPLIST_FILE = YES;
				INFOPLIST_GENERATION_MODE = GeneratedByXcode;
				INFOPLIST_KEY_CFBundleDisplayName = "Shinsou Widget";
				LD_RUNPATH_SEARCH_PATHS = (
					"$(inherited)",
					"@executable_path/Frameworks",
					"@executable_path/../../Frameworks",
				);
				MARKETING_VERSION = 1.0.0;
				PRODUCT_BUNDLE_IDENTIFIER = dev.mihon.ios.widget;
				PRODUCT_NAME = MihonWidgetExtension;
				SDKROOT = iphoneos;
				SWIFT_EMIT_LOC_STRINGS = YES;
				TARGETED_DEVICE_FAMILY = "1,2";
			};
			name = Debug;
		};
		9B76A5F7F08C3B6A0F614E9E /* Release */ = {
			isa = XCBuildConfiguration;
			buildSettings = {
				ALWAYS_SEARCH_USER_PATHS = NO;
				CLANG_ANALYZER_NONNULL = YES;
				CLANG_ANALYZER_NUMBER_OBJECT_CONVERSION = YES_AGGRESSIVE;
				CLANG_CXX_LANGUAGE_STANDARD = "gnu++14";
				CLANG_CXX_LIBRARY = "libc++";
				CLANG_ENABLE_MODULES = YES;
				CLANG_ENABLE_OBJC_ARC = YES;
				CLANG_ENABLE_OBJC_WEAK = YES;
				CLANG_WARN_BLOCK_CAPTURE_AUTORELEASING = YES;
				CLANG_WARN_BOOL_CONVERSION = YES;
				CLANG_WARN_COMMA = YES;
				CLANG_WARN_CONSTANT_CONVERSION = YES;
				CLANG_WARN_DEPRECATED_OBJC_IMPLEMENTATIONS = YES;
				CLANG_WARN_DIRECT_OBJC_ISA_USAGE = YES_ERROR;
				CLANG_WARN_DOCUMENTATION_COMMENTS = YES;
				CLANG_WARN_EMPTY_BODY = YES;
				CLANG_WARN_ENUM_CONVERSION = YES;
				CLANG_WARN_INFINITE_RECURSION = YES;
				CLANG_WARN_INT_CONVERSION = YES;
				CLANG_WARN_NON_LITERAL_NULL_CONVERSION = YES;
				CLANG_WARN_OBJC_IMPLICIT_RETAIN_SELF = YES;
				CLANG_WARN_OBJC_LITERAL_CONVERSION = YES;
				CLANG_WARN_OBJC_ROOT_CLASS = YES_ERROR;
				CLANG_WARN_QUOTED_INCLUDE_IN_FRAMEWORK_HEADER = YES;
				CLANG_WARN_RANGE_LOOP_ANALYSIS = YES;
				CLANG_WARN_STRICT_PROTOTYPES = YES;
				CLANG_WARN_SUSPICIOUS_MOVE = YES;
				CLANG_WARN_UNGUARDED_AVAILABILITY = YES_AGGRESSIVE;
				CLANG_WARN_UNREACHABLE_CODE = YES;
				CLANG_WARN__DUPLICATE_METHOD_MATCH = YES;
				CODE_SIGN_STYLE = Automatic;
				COPY_PHASE_STRIP = NO;
				DEBUG_INFORMATION_FORMAT = "dwarf-with-dsym";
				DEVELOPMENT_TEAM = 5UKY38ZLK6;
				ENABLE_NS_ASSERTIONS = NO;
				ENABLE_STRICT_OBJC_MSGSEND = YES;
				GCC_C_LANGUAGE_STANDARD = gnu11;
				GCC_NO_COMMON_BLOCKS = YES;
				GCC_WARN_64_TO_32_BIT_CONVERSION = YES;
				GCC_WARN_ABOUT_RETURN_TYPE = YES_ERROR;
				GCC_WARN_UNDECLARED_SELECTOR = YES;
				GCC_WARN_UNINITIALIZED_AUTOS = YES_AGGRESSIVE;
				GCC_WARN_UNUSED_FUNCTION = YES;
				GCC_WARN_UNUSED_VARIABLE = YES;
				IPHONEOS_DEPLOYMENT_TARGET = 16.0;
				MTL_ENABLE_DEBUG_INFO = NO;
				MTL_FAST_MATH = YES;
				PRODUCT_NAME = "$(TARGET_NAME)";
				SDKROOT = iphoneos;
				SWIFT_COMPILATION_MODE = wholemodule;
				SWIFT_OPTIMIZATION_LEVEL = "-O";
				SWIFT_VERSION = 5.10;
			};
			name = Release;
		};
		E811C46D0213BDE1F4B83092 /* Debug */ = {
			isa = XCBuildConfiguration;
			buildSettings = {
				ASSETCATALOG_COMPILER_APPICON_NAME = AppIcon;
				ASSETCATALOG_COMPILER_GLOBAL_ACCENT_COLOR_NAME = AccentColor;
				CODE_SIGN_IDENTITY = "iPhone Developer";
				CURRENT_PROJECT_VERSION = 1;
				GENERATE_INFOPLIST_FILE = YES;
				INFOPLIST_GENERATION_MODE = GeneratedByXcode;
				INFOPLIST_KEY_CFBundleDisplayName = Shinsou;
				INFOPLIST_KEY_NSFaceIDUsageDescription = "Unlock Mihon with Face ID";
				INFOPLIST_KEY_NSPhotoLibraryAddUsageDescription = "Save manga covers to your photo library";
				INFOPLIST_KEY_UIApplicationSceneManifest_Generation = YES;
				INFOPLIST_KEY_UIApplicationSupportsIndirectInputEvents = YES;
				INFOPLIST_KEY_UILaunchScreen_Generation = YES;
				INFOPLIST_KEY_UISupportedInterfaceOrientations_iPad = "UIInterfaceOrientationPortrait UIInterfaceOrientationPortraitUpsideDown UIInterfaceOrientationLandscapeLeft UIInterfaceOrientationLandscapeRight";
				INFOPLIST_KEY_UISupportedInterfaceOrientations_iPhone = "UIInterfaceOrientationPortrait UIInterfaceOrientationLandscapeLeft UIInterfaceOrientationLandscapeRight";
				LD_RUNPATH_SEARCH_PATHS = (
					"$(inherited)",
					"@executable_path/Frameworks",
				);
				MARKETING_VERSION = 1.0.0;
				PRODUCT_BUNDLE_IDENTIFIER = dev.mihon.ios;
				PRODUCT_NAME = Shinsou;
				SDKROOT = iphoneos;
				SWIFT_EMIT_LOC_STRINGS = YES;
				TARGETED_DEVICE_FAMILY = "1,2";
			};
			name = Debug;
		};
/* End XCBuildConfiguration section */

/* Begin XCConfigurationList section */
		14913EDBCD90EAFC6BE4F954 /* Build configuration list for PBXProject "MihonIOS" */ = {
			isa = XCConfigurationList;
			buildConfigurations = (
				00543F00A90AD5C62E07677F /* Debug */,
				9B76A5F7F08C3B6A0F614E9E /* Release */,
			);
			defaultConfigurationIsVisible = 0;
			defaultConfigurationName = Debug;
		};
		5207FB8D4ED57C7819E03ED6 /* Build configuration list for PBXNativeTarget "MihonApp" */ = {
			isa = XCConfigurationList;
			buildConfigurations = (
				E811C46D0213BDE1F4B83092 /* Debug */,
				056E054E86C5D85933D76305 /* Release */,
			);
			defaultConfigurationIsVisible = 0;
			defaultConfigurationName = Debug;
		};
		C89504AC1E6DECF83A62375C /* Build configuration list for PBXNativeTarget "MihonWidgetExtension" */ = {
			isa = XCConfigurationList;
			buildConfigurations = (
				486AAFED0C8B2239E2490A3F /* Debug */,
				1CC9AC4522D241E82735F40A /* Release */,
			);
			defaultConfigurationIsVisible = 0;
			defaultConfigurationName = Debug;
		};
/* End XCConfigurationList section */

/* Begin XCLocalSwiftPackageReference section */
		0B07D39974B45B02BB6E1CD8 /* XCLocalSwiftPackageReference "Packages/MihonCore" */ = {
			isa = XCLocalSwiftPackageReference;
			relativePath = Packages/MihonCore;
		};
		2C72584799A3627809060185 /* XCLocalSwiftPackageReference "Packages/MihonUI" */ = {
			isa = XCLocalSwiftPackageReference;
			relativePath = Packages/MihonUI;
		};
		3FB2AF10BF8EF23F81A4658E /* XCLocalSwiftPackageReference "Packages/MihonI18n" */ = {
			isa = XCLocalSwiftPackageReference;
			relativePath = Packages/MihonI18n;
		};
		4AF9ABA05006C59F6083D38D /* XCLocalSwiftPackageReference "Packages/MihonSourceAPI" */ = {
			isa = XCLocalSwiftPackageReference;
			relativePath = Packages/MihonSourceAPI;
		};
		91D851378ECF9550FF9187E7 /* XCLocalSwiftPackageReference "Packages/MihonSourceLocal" */ = {
			isa = XCLocalSwiftPackageReference;
			relativePath = Packages/MihonSourceLocal;
		};
		A23338500418F559FE7AB669 /* XCLocalSwiftPackageReference "Packages/MihonData" */ = {
			isa = XCLocalSwiftPackageReference;
			relativePath = Packages/MihonData;
		};
		CFBF85328E9E116177C3D1BD /* XCLocalSwiftPackageReference "Packages/MihonDomain" */ = {
			isa = XCLocalSwiftPackageReference;
			relativePath = Packages/MihonDomain;
		};
/* End XCLocalSwiftPackageReference section */

/* Begin XCRemoteSwiftPackageReference section */
		FBA2FA9543A3FB4A3AE2474A /* XCRemoteSwiftPackageReference "SwiftSoup" */ = {
			isa = XCRemoteSwiftPackageReference;
			repositoryURL = "https://github.com/scinfu/SwiftSoup.git";
			requirement = {
				kind = upToNextMajorVersion;
				minimumVersion = 2.7.0;
			};
		};
/* End XCRemoteSwiftPackageReference section */

/* Begin XCSwiftPackageProductDependency section */
		38FE9087F07169D0AB023684 /* MihonData */ = {
			isa = XCSwiftPackageProductDependency;
			productName = MihonData;
		};
		406F78935A7F6D8779DCAE18 /* MihonDomain */ = {
			isa = XCSwiftPackageProductDependency;
			productName = MihonDomain;
		};
		4137740E51C2923410C69C0A /* MihonUI */ = {
			isa = XCSwiftPackageProductDependency;
			productName = MihonUI;
		};
		716B342587206087FB2C6BB7 /* MihonSourceAPI */ = {
			isa = XCSwiftPackageProductDependency;
			productName = MihonSourceAPI;
		};
		AC37A3461E7833B5E9220A02 /* MihonCore */ = {
			isa = XCSwiftPackageProductDependency;
			productName = MihonCore;
		};
		AEFF2E43A817C2BDAF027B8F /* MihonDomain */ = {
			isa = XCSwiftPackageProductDependency;
			productName = MihonDomain;
		};
		B1F0900B68A17B6A3C8DD3B4 /* SwiftSoup */ = {
			isa = XCSwiftPackageProductDependency;
			package = FBA2FA9543A3FB4A3AE2474A /* XCRemoteSwiftPackageReference "SwiftSoup" */;
			productName = SwiftSoup;
		};
		BEEFD4CB20BB4C289E1CEF89 /* MihonSourceLocal */ = {
			isa = XCSwiftPackageProductDependency;
			productName = MihonSourceLocal;
		};
		FBE67A9D081D3363289EFFFC /* MihonI18n */ = {
			isa = XCSwiftPackageProductDependency;
			productName = MihonI18n;
		};
/* End XCSwiftPackageProductDependency section */
	};
	rootObject = 45EAF8004DC68CF551CC86B4 /* Project object */;
}
